// !$*UTF8*$!
{
	archiveVersion = 1;
	classes = {
	};
	objectVersion = 50;
	objects = {

/* Begin PBXBuildFile section */
		9813B9F728B251710017730D /* Rickandmortyclass.swift in Sources */ = {isa = PBXBuildFile; fileRef = 9813B9F628B251710017730D /* Rickandmortyclass.swift */; };
		9830F67928B1802F006B4ED3 /* AppDelegate.swift in Sources */ = {isa = PBXBuildFile; fileRef = 9830F67828B1802F006B4ED3 /* AppDelegate.swift */; };
		9830F67B28B1802F006B4ED3 /* SceneDelegate.swift in Sources */ = {isa = PBXBuildFile; fileRef = 9830F67A28B1802F006B4ED3 /* SceneDelegate.swift */; };
		9830F67D28B1802F006B4ED3 /* ViewController.swift in Sources */ = {isa = PBXBuildFile; fileRef = 9830F67C28B1802F006B4ED3 /* ViewController.swift */; };
		9830F68028B1802F006B4ED3 /* Main.storyboard in Resources */ = {isa = PBXBuildFile; fileRef = 9830F67E28B1802F006B4ED3 /* Main.storyboard */; };
		9830F68228B18031006B4ED3 /* Assets.xcassets in Resources */ = {isa = PBXBuildFile; fileRef = 9830F68128B18031006B4ED3 /* Assets.xcassets */; };
		9830F68528B18031006B4ED3 /* LaunchScreen.storyboard in Resources */ = {isa = PBXBuildFile; fileRef = 9830F68328B18031006B4ED3 /* LaunchScreen.storyboard */; };
		9830F69028B18031006B4ED3 /* RickandMortyBookTests.swift in Sources */ = {isa = PBXBuildFile; fileRef = 9830F68F28B18031006B4ED3 /* RickandMortyBookTests.swift */; };
		9830F69B28B18031006B4ED3 /* RickandMortyBookUITests.swift in Sources */ = {isa = PBXBuildFile; fileRef = 9830F69A28B18031006B4ED3 /* RickandMortyBookUITests.swift */; };
		9830F6AC28B18299006B4ED3 /* secondVC.swift in Sources */ = {isa = PBXBuildFile; fileRef = 9830F6AB28B18299006B4ED3 /* secondVC.swift */; };
/* End PBXBuildFile section */

/* Begin PBXContainerItemProxy section */
		9830F68C28B18031006B4ED3 /* PBXContainerItemProxy */ = {
			isa = PBXContainerItemProxy;
			containerPortal = 9830F66D28B1802F006B4ED3 /* Project object */;
			proxyType = 1;
			remoteGlobalIDString = 9830F67428B1802F006B4ED3;
			remoteInfo = RickandMortyBook;
		};
		9830F69728B18031006B4ED3 /* PBXContainerItemProxy */ = {
			isa = PBXContainerItemProxy;
			containerPortal = 9830F66D28B1802F006B4ED3 /* Project object */;
			proxyType = 1;
			remoteGlobalIDString = 9830F67428B1802F006B4ED3;
			remoteInfo = RickandMortyBook;
		};
/* End PBXContainerItemProxy section */

/* Begin PBXFileReference section */
		9813B9F628B251710017730D /* Rickandmortyclass.swift */ = {isa = PBXFileReference; lastKnownFileType = sourcecode.swift; path = Rickandmortyclass.swift; sourceTree = "<group>"; };
		9830F67528B1802F006B4ED3 /* RickandMortyBook.app */ = {isa = PBXFileReference; explicitFileType = wrapper.application; includeInIndex = 0; path = RickandMortyBook.app; sourceTree = BUILT_PRODUCTS_DIR; };
		9830F67828B1802F006B4ED3 /* AppDelegate.swift */ = {isa = PBXFileReference; lastKnownFileType = sourcecode.swift; path = AppDelegate.swift; sourceTree = "<group>"; };
		9830F67A28B1802F006B4ED3 /* SceneDelegate.swift */ = {isa = PBXFileReference; lastKnownFileType = sourcecode.swift; path = SceneDelegate.swift; sourceTree = "<group>"; };
		9830F67C28B1802F006B4ED3 /* ViewController.swift */ = {isa = PBXFileReference; lastKnownFileType = sourcecode.swift; path = ViewController.swift; sourceTree = "<group>"; };
		9830F67F28B1802F006B4ED3 /* Base */ = {isa = PBXFileReference; lastKnownFileType = file.storyboard; name = Base; path = Base.lproj/Main.storyboard; sourceTree = "<group>"; };
		9830F68128B18031006B4ED3 /* Assets.xcassets */ = {isa = PBXFileReference; lastKnownFileType = folder.assetcatalog; path = Assets.xcassets; sourceTree = "<group>"; };
		9830F68428B18031006B4ED3 /* Base */ = {isa = PBXFileReference; lastKnownFileType = file.storyboard; name = Base; path = Base.lproj/LaunchScreen.storyboard; sourceTree = "<group>"; };
		9830F68628B18031006B4ED3 /* Info.plist */ = {isa = PBXFileReference; lastKnownFileType = text.plist.xml; path = Info.plist; sourceTree = "<group>"; };
		9830F68B28B18031006B4ED3 /* RickandMortyBookTests.xctest */ = {isa = PBXFileReference; explicitFileType = wrapper.cfbundle; includeInIndex = 0; path = RickandMortyBookTests.xctest; sourceTree = BUILT_PRODUCTS_DIR; };
		9830F68F28B18031006B4ED3 /* RickandMortyBookTests.swift */ = {isa = PBXFileReference; lastKnownFileType = sourcecode.swift; path = RickandMortyBookTests.swift; sourceTree = "<group>"; };
		9830F69128B18031006B4ED3 /* Info.plist */ = {isa = PBXFileReference; lastKnownFileType = text.plist.xml; path = Info.plist; sourceTree = "<group>"; };
		9830F69628B18031006B4ED3 /* RickandMortyBookUITests.xctest */ = {isa = PBXFileReference; explicitFileType = wrapper.cfbundle; includeInIndex = 0; path = RickandMortyBookUITests.xctest; sourceTree = BUILT_PRODUCTS_DIR; };
		9830F69A28B18031006B4ED3 /* RickandMortyBookUITests.swift */ = {isa = PBXFileReference; lastKnownFileType = sourcecode.swift; path = RickandMortyBookUITests.swift; sourceTree = "<group>"; };
		9830F69C28B18031006B4ED3 /* Info.plist */ = {isa = PBXFileReference; lastKnownFileType = text.plist.xml; path = Info.plist; sourceTree = "<group>"; };
		9830F6AB28B18299006B4ED3 /* secondVC.swift */ = {isa = PBXFileReference; lastKnownFileType = sourcecode.swift; path = secondVC.swift; sourceTree = "<group>"; };
/* End PBXFileReference section */

/* Begin PBXFrameworksBuildPhase section */
		9830F67228B1802F006B4ED3 /* Frameworks */ = {
			isa = PBXFrameworksBuildPhase;
			buildActionMask = 2147483647;
			files = (
			);
			runOnlyForDeploymentPostprocessing = 0;
		};
		9830F68828B18031006B4ED3 /* Frameworks */ = {
			isa = PBXFrameworksBuildPhase;
			buildActionMask = 2147483647;
			files = (
			);
			runOnlyForDeploymentPostprocessing = 0;
		};
		9830F69328B18031006B4ED3 /* Frameworks */ = {
			isa = PBXFrameworksBuildPhase;
			buildActionMask = 2147483647;
			files = (
			);
			runOnlyForDeploymentPostprocessing = 0;
		};
/* End PBXFrameworksBuildPhase section */

/* Begin PBXGroup section */
		9830F66C28B1802F006B4ED3 = {
			isa = PBXGroup;
			children = (
				9830F67728B1802F006B4ED3 /* RickandMortyBook */,
				9830F68E28B18031006B4ED3 /* RickandMortyBookTests */,
				9830F69928B18031006B4ED3 /* RickandMortyBookUITests */,
				9830F67628B1802F006B4ED3 /* Products */,
			);
			sourceTree = "<group>";
		};
		9830F67628B1802F006B4ED3 /* Products */ = {
			isa = PBXGroup;
			children = (
				9830F67528B1802F006B4ED3 /* RickandMortyBook.app */,
				9830F68B28B18031006B4ED3 /* RickandMortyBookTests.xctest */,
				9830F69628B18031006B4ED3 /* RickandMortyBookUITests.xctest */,
			);
			name = Products;
			sourceTree = "<group>";
		};
		9830F67728B1802F006B4ED3 /* RickandMortyBook */ = {
			isa = PBXGroup;
			children = (
				9830F67828B1802F006B4ED3 /* AppDelegate.swift */,
				9830F67A28B1802F006B4ED3 /* SceneDelegate.swift */,
				9830F67C28B1802F006B4ED3 /* ViewController.swift */,
				9830F67E28B1802F006B4ED3 /* Main.storyboard */,
				9830F6AB28B18299006B4ED3 /* secondVC.swift */,
				9830F68128B18031006B4ED3 /* Assets.xcassets */,
				9830F68328B18031006B4ED3 /* LaunchScreen.storyboard */,
				9830F68628B18031006B4ED3 /* Info.plist */,
				9813B9F628B251710017730D /* Rickandmortyclass.swift */,
			);
			path = RickandMortyBook;
			sourceTree = "<group>";
		};
		9830F68E28B18031006B4ED3 /* RickandMortyBookTests */ = {
			isa = PBXGroup;
			children = (
				9830F68F28B18031006B4ED3 /* RickandMortyBookTests.swift */,
				9830F69128B18031006B4ED3 /* Info.plist */,
			);
			path = RickandMortyBookTests;
			sourceTree = "<group>";
		};
		9830F69928B18031006B4ED3 /* RickandMortyBookUITests */ = {
			isa = PBXGroup;
			children = (
				9830F69A28B18031006B4ED3 /* RickandMortyBookUITests.swift */,
				9830F69C28B18031006B4ED3 /* Info.plist */,
			);
			path = RickandMortyBookUITests;
			sourceTree = "<group>";
		};
/* End PBXGroup section */

/* Begin PBXNativeTarget section */
		9830F67428B1802F006B4ED3 /* RickandMortyBook */ = {
			isa = PBXNativeTarget;
			buildConfigurationList = 9830F69F28B18031006B4ED3 /* Build configuration list for PBXNativeTarget "RickandMortyBook" */;
			buildPhases = (
				9830F67128B1802F006B4ED3 /* Sources */,
				9830F67228B1802F006B4ED3 /* Frameworks */,
				9830F67328B1802F006B4ED3 /* Resources */,
			);
			buildRules = (
			);
			dependencies = (
			);
			name = RickandMortyBook;
			productName = RickandMortyBook;
			productReference = 9830F67528B1802F006B4ED3 /* RickandMortyBook.app */;
			productType = "com.apple.product-type.application";
		};
		9830F68A28B18031006B4ED3 /* RickandMortyBookTests */ = {
			isa = PBXNativeTarget;
			buildConfigurationList = 9830F6A228B18031006B4ED3 /* Build configuration list for PBXNativeTarget "RickandMortyBookTests" */;
			buildPhases = (
				9830F68728B18031006B4ED3 /* Sources */,
				9830F68828B18031006B4ED3 /* Frameworks */,
				9830F68928B18031006B4ED3 /* Resources */,
			);
			buildRules = (
			);
			dependencies = (
				9830F68D28B18031006B4ED3 /* PBXTargetDependency */,
			);
			name = RickandMortyBookTests;
			productName = RickandMortyBookTests;
			productReference = 9830F68B28B18031006B4ED3 /* RickandMortyBookTests.xctest */;
			productType = "com.apple.product-type.bundle.unit-test";
		};
		9830F69528B18031006B4ED3 /* RickandMortyBookUITests */ = {
			isa = PBXNativeTarget;
			buildConfigurationList = 9830F6A528B18031006B4ED3 /* Build configuration list for PBXNativeTarget "RickandMortyBookUITests" */;
			buildPhases = (
				9830F69228B18031006B4ED3 /* Sources */,
				9830F69328B18031006B4ED3 /* Frameworks */,
				9830F69428B18031006B4ED3 /* Resources */,
			);
			buildRules = (
			);
			dependencies = (
				9830F69828B18031006B4ED3 /* PBXTargetDependency */,
			);
			name = RickandMortyBookUITests;
			productName = RickandMortyBookUITests;
			productReference = 9830F69628B18031006B4ED3 /* RickandMortyBookUITests.xctest */;
			productType = "com.apple.product-type.bundle.ui-testing";
		};
/* End PBXNativeTarget section */

/* Begin PBXProject section */
		9830F66D28B1802F006B4ED3 /* Project object */ = {
			isa = PBXProject;
			attributes = {
				LastSwiftUpdateCheck = 1210;
				LastUpgradeCheck = 1210;
				TargetAttributes = {
					9830F67428B1802F006B4ED3 = {
						CreatedOnToolsVersion = 12.1;
					};
					9830F68A28B18031006B4ED3 = {
						CreatedOnToolsVersion = 12.1;
						TestTargetID = 9830F67428B1802F006B4ED3;
					};
					9830F69528B18031006B4ED3 = {
						CreatedOnToolsVersion = 12.1;
						TestTargetID = 9830F67428B1802F006B4ED3;
					};
				};
			};
			buildConfigurationList = 9830F67028B1802F006B4ED3 /* Build configuration list for PBXProject "RickandMortyBook" */;
			compatibilityVersion = "Xcode 9.3";
			developmentRegion = en;
			hasScannedForEncodings = 0;
			knownRegions = (
				en,
				Base,
			);
			mainGroup = 9830F66C28B1802F006B4ED3;
			productRefGroup = 9830F67628B1802F006B4ED3 /* Products */;
			projectDirPath = "";
			projectRoot = "";
			targets = (
				9830F67428B1802F006B4ED3 /* RickandMortyBook */,
				9830F68A28B18031006B4ED3 /* RickandMortyBookTests */,
				9830F69528B18031006B4ED3 /* RickandMortyBookUITests */,
			);
		};
/* End PBXProject section */

/* Begin PBXResourcesBuildPhase section */
		9830F67328B1802F006B4ED3 /* Resources */ = {
			isa = PBXResourcesBuildPhase;
			buildActionMask = 2147483647;
			files = (
				9830F68528B18031006B4ED3 /* LaunchScreen.storyboard in Resources */,
				9830F68228B18031006B4ED3 /* Assets.xcassets in Resources */,
				9830F68028B1802F006B4ED3 /* Main.storyboard in Resources */,
			);
			runOnlyForDeploymentPostprocessing = 0;
		};
		9830F68928B18031006B4ED3 /* Resources */ = {
			isa = PBXResourcesBuildPhase;
			buildActionMask = 2147483647;
			files = (
			);
			runOnlyForDeploymentPostprocessing = 0;
		};
		9830F69428B18031006B4ED3 /* Resources */ = {
			isa = PBXResourcesBuildPhase;
			buildActionMask = 2147483647;
			files = (
			);
			runOnlyForDeploymentPostprocessing = 0;
		};
/* End PBXResourcesBuildPhase section */

/* Begin PBXSourcesBuildPhase section */
		9830F67128B1802F006B4ED3 /* Sources */ = {
			isa = PBXSourcesBuildPhase;
			buildActionMask = 2147483647;
			files = (
				9830F67D28B1802F006B4ED3 /* ViewController.swift in Sources */,
				9830F67928B1802F006B4ED3 /* AppDelegate.swift in Sources */,
				9813B9F728B251710017730D /* Rickandmortyclass.swift in Sources */,
				9830F6AC28B18299006B4ED3 /* secondVC.swift in Sources */,
				9830F67B28B1802F006B4ED3 /* SceneDelegate.swift in Sources */,
			);
			runOnlyForDeploymentPostprocessing = 0;
		};
		9830F68728B18031006B4ED3 /* Sources */ = {
			isa = PBXSourcesBuildPhase;
			buildActionMask = 2147483647;
			files = (
				9830F69028B18031006B4ED3 /* RickandMortyBookTests.swift in Sources */,
			);
			runOnlyForDeploymentPostprocessing = 0;
		};
		9830F69228B18031006B4ED3 /* Sources */ = {
			isa = PBXSourcesBuildPhase;
			buildActionMask = 2147483647;
			files = (
				9830F69B28B18031006B4ED3 /* RickandMortyBookUITests.swift in Sources */,
			);
			runOnlyForDeploymentPostprocessing = 0;
		};
/* End PBXSourcesBuildPhase section */

/* Begin PBXTargetDependency section */
		9830F68D28B18031006B4ED3 /* PBXTargetDependency */ = {
			isa = PBXTargetDependency;
			target = 9830F67428B1802F006B4ED3 /* RickandMortyBook */;
			targetProxy = 9830F68C28B18031006B4ED3 /* PBXContainerItemProxy */;
		};
		9830F69828B18031006B4ED3 /* PBXTargetDependency */ = {
			isa = PBXTargetDependency;
			target = 9830F67428B1802F006B4ED3 /* RickandMortyBook */;
			targetProxy = 9830F69728B18031006B4ED3 /* PBXContainerItemProxy */;
		};
/* End PBXTargetDependency section */

/* Begin PBXVariantGroup section */
		9830F67E28B1802F006B4ED3 /* Main.storyboard */ = {
			isa = PBXVariantGroup;
			children = (
				9830F67F28B1802F006B4ED3 /* Base */,
			);
			name = Main.storyboard;
			sourceTree = "<group>";
		};
		9830F68328B18031006B4ED3 /* LaunchScreen.storyboard */ = {
			isa = PBXVariantGroup;
			children = (
				9830F68428B18031006B4ED3 /* Base */,
			);
			name = LaunchScreen.storyboard;
			sourceTree = "<group>";
		};
/* End PBXVariantGroup section */

/* Begin XCBuildConfiguration section */
		9830F69D28B18031006B4ED3 /* Debug */ = {
			isa = XCBuildConfiguration;
			buildSettings = {
				ALWAYS_SEARCH_USER_PATHS = NO;
				CLANG_ANALYZER_NONNULL = YES;
				CLANG_ANALYZER_NUMBER_OBJECT_CONVERSION = YES_AGGRESSIVE;
				CLANG_CXX_LANGUAGE_STANDARD = "gnu++14";
				CLANG_CXX_LIBRARY = "libc++";
				CLANG_ENABLE_MODULES = YES;
				CLANG_ENABLE_OBJC_ARC = YES;
				CLANG_ENABLE_OBJC_WEAK = YES;
				CLANG_WARN_BLOCK_CAPTURE_AUTORELEASING = YES;
				CLANG_WARN_BOOL_CONVERSION = YES;
				CLANG_WARN_COMMA = YES;
				CLANG_WARN_CONSTANT_CONVERSION = YES;
				CLANG_WARN_DEPRECATED_OBJC_IMPLEMENTATIONS = YES;
				CLANG_WARN_DIRECT_OBJC_ISA_USAGE = YES_ERROR;
				CLANG_WARN_DOCUMENTATION_COMMENTS = YES;
				CLANG_WARN_EMPTY_BODY = YES;
				CLANG_WARN_ENUM_CONVERSION = YES;
				CLANG_WARN_INFINITE_RECURSION = YES;
				CLANG_WARN_INT_CONVERSION = YES;
				CLANG_WARN_NON_LITERAL_NULL_CONVERSION = YES;
				CLANG_WARN_OBJC_IMPLICIT_RETAIN_SELF = YES;
				CLANG_WARN_OBJC_LITERAL_CONVERSION = YES;
				CLANG_WARN_OBJC_ROOT_CLASS = YES_ERROR;
				CLANG_WARN_QUOTED_INCLUDE_IN_FRAMEWORK_HEADER = YES;
				CLANG_WARN_RANGE_LOOP_ANALYSIS = YES;
				CLANG_WARN_STRICT_PROTOTYPES = YES;
				CLANG_WARN_SUSPICIOUS_MOVE = YES;
				CLANG_WARN_UNGUARDED_AVAILABILITY = YES_AGGRESSIVE;
				CLANG_WARN_UNREACHABLE_CODE = YES;
				CLANG_WARN__DUPLICATE_METHOD_MATCH = YES;
				COPY_PHASE_STRIP = NO;
				DEBUG_INFORMATION_FORMAT = dwarf;
				ENABLE_STRICT_OBJC_MSGSEND = YES;
				ENABLE_TESTABILITY = YES;
				GCC_C_LANGUAGE_STANDARD = gnu11;
				GCC_DYNAMIC_NO_PIC = NO;
				GCC_NO_COMMON_BLOCKS = YES;
				GCC_OPTIMIZATION_LEVEL = 0;
				GCC_PREPROCESSOR_DEFINITIONS = (
					"DEBUG=1",
					"$(inherited)",
				);
				GCC_WARN_64_TO_32_BIT_CONVERSION = YES;
				GCC_WARN_ABOUT_RETURN_TYPE = YES_ERROR;
				GCC_WARN_UNDECLARED_SELECTOR = YES;
				GCC_WARN_UNINITIALIZED_AUTOS = YES_AGGRESSIVE;
				GCC_WARN_UNUSED_FUNCTION = YES;
				GCC_WARN_UNUSED_VARIABLE = YES;
				IPHONEOS_DEPLOYMENT_TARGET = 14.1;
				MTL_ENABLE_DEBUG_INFO = INCLUDE_SOURCE;
				MTL_FAST_MATH = YES;
				ONLY_ACTIVE_ARCH = YES;
				SDKROOT = iphoneos;
				SWIFT_ACTIVE_COMPILATION_CONDITIONS = DEBUG;
				SWIFT_OPTIMIZATION_LEVEL = "-Onone";
			};
			name = Debug;
		};
		9830F69E28B18031006B4ED3 /* Release */ = {
			isa = XCBuildConfiguration;
			buildSettings = {
				ALWAYS_SEARCH_USER_PATHS = NO;
				CLANG_ANALYZER_NONNULL = YES;
				CLANG_ANALYZER_NUMBER_OBJECT_CONVERSION = YES_AGGRESSIVE;
				CLANG_CXX_LANGUAGE_STANDARD = "gnu++14";
				CLANG_CXX_LIBRARY = "libc++";
				CLANG_ENABLE_MODULES = YES;
				CLANG_ENABLE_OBJC_ARC = YES;
				CLANG_ENABLE_OBJC_WEAK = YES;
				CLANG_WARN_BLOCK_CAPTURE_AUTORELEASING = YES;
				CLANG_WARN_BOOL_CONVERSION = YES;
				CLANG_WARN_COMMA = YES;
				CLANG_WARN_CONSTANT_CONVERSION = YES;
				CLANG_WARN_DEPRECATED_OBJC_IMPLEMENTATIONS = YES;
				CLANG_WARN_DIRECT_OBJC_ISA_USAGE = YES_ERROR;
				CLANG_WARN_DOCUMENTATION_COMMENTS = YES;
				CLANG_WARN_EMPTY_BODY = YES;
				CLANG_WARN_ENUM_CONVERSION = YES;
				CLANG_WARN_INFINITE_RECURSION = YES;
				CLANG_WARN_INT_CONVERSION = YES;
				CLANG_WARN_NON_LITERAL_NULL_CONVERSION = YES;
				CLANG_WARN_OBJC_IMPLICIT_RETAIN_SELF = YES;
				CLANG_WARN_OBJC_LITERAL_CONVERSION = YES;
				CLANG_WARN_OBJC_ROOT_CLASS = YES_ERROR;
				CLANG_WARN_QUOTED_INCLUDE_IN_FRAMEWORK_HEADER = YES;
				CLANG_WARN_RANGE_LOOP_ANALYSIS = YES;
				CLANG_WARN_STRICT_PROTOTYPES = YES;
				CLANG_WARN_SUSPICIOUS_MOVE = YES;
				CLANG_WARN_UNGUARDED_AVAILABILITY = YES_AGGRESSIVE;
				CLANG_WARN_UNREACHABLE_CODE = YES;
				CLANG_WARN__DUPLICATE_METHOD_MATCH = YES;
				COPY_PHASE_STRIP = NO;
				DEBUG_INFORMATION_FORMAT = "dwarf-with-dsym";
				ENABLE_NS_ASSERTIONS = NO;
				ENABLE_STRICT_OBJC_MSGSEND = YES;
				GCC_C_LANGUAGE_STANDARD = gnu11;
				GCC_NO_COMMON_BLOCKS = YES;
				GCC_WARN_64_TO_32_BIT_CONVERSION = YES;
				GCC_WARN_ABOUT_RETURN_TYPE = YES_ERROR;
				GCC_WARN_UNDECLARED_SELECTOR = YES;
				GCC_WARN_UNINITIALIZED_AUTOS = YES_AGGRESSIVE;
				GCC_WARN_UNUSED_FUNCTION = YES;
				GCC_WARN_UNUSED_VARIABLE = YES;
				IPHONEOS_DEPLOYMENT_TARGET = 14.1;
				MTL_ENABLE_DEBUG_INFO = NO;
				MTL_FAST_MATH = YES;
				SDKROOT = iphoneos;
				SWIFT_COMPILATION_MODE = wholemodule;
				SWIFT_OPTIMIZATION_LEVEL = "-O";
				VALIDATE_PRODUCT = YES;
			};
			name = Release;
		};
		9830F6A028B18031006B4ED3 /* Debug */ = {
			isa = XCBuildConfiguration;
			buildSettings = {
				ASSETCATALOG_COMPILER_APPICON_NAME = AppIcon;
				ASSETCATALOG_COMPILER_GLOBAL_ACCENT_COLOR_NAME = AccentColor;
				CODE_SIGN_STYLE = Automatic;
				DEVELOPMENT_TEAM = RJXDHCP7Z6;
				INFOPLIST_FILE = RickandMortyBook/Info.plist;
				LD_RUNPATH_SEARCH_PATHS = (
					"$(inherited)",
					"@executable_path/Frameworks",
				);
				PRODUCT_BUNDLE_IDENTIFIER = personal.RickandMortyBook;
				PRODUCT_NAME = "$(TARGET_NAME)";
				SWIFT_VERSION = 5.0;
				TARGETED_DEVICE_FAMILY = "1,2";
			};
			name = Debug;
		};
		9830F6A128B18031006B4ED3 /* Release */ = {
			isa = XCBuildConfiguration;
			buildSettings = {
				ASSETCATALOG_COMPILER_APPICON_NAME = AppIcon;
				ASSETCATALOG_COMPILER_GLOBAL_ACCENT_COLOR_NAME = AccentColor;
				CODE_SIGN_STYLE = Automatic;
				DEVELOPMENT_TEAM = RJXDHCP7Z6;
				INFOPLIST_FILE = RickandMortyBook/Info.plist;
				LD_RUNPATH_SEARCH_PATHS = (
					"$(inherited)",
					"@executable_path/Frameworks",
				);
				PRODUCT_BUNDLE_IDENTIFIER = personal.RickandMortyBook;
				PRODUCT_NAME = "$(TARGET_NAME)";
				SWIFT_VERSION = 5.0;
				TARGETED_DEVICE_FAMILY = "1,2";
			};
			name = Release;
		};
		9830F6A328B18031006B4ED3 /* Debug */ = {
			isa = XCBuildConfiguration;
			buildSettings = {
				ALWAYS_EMBED_SWIFT_STANDARD_LIBRARIES = YES;
				BUNDLE_LOADER = "$(TEST_HOST)";
				CODE_SIGN_STYLE = Automatic;
				DEVELOPMENT_TEAM = RJXDHCP7Z6;
				INFOPLIST_FILE = RickandMortyBookTests/Info.plist;
				IPHONEOS_DEPLOYMENT_TARGET = 14.1;
				LD_RUNPATH_SEARCH_PATHS = (
					"$(inherited)",
					"@executable_path/Frameworks",
					"@loader_path/Frameworks",
				);
				PRODUCT_BUNDLE_IDENTIFIER = personal.RickandMortyBookTests;
				PRODUCT_NAME = "$(TARGET_NAME)";
				SWIFT_VERSION = 5.0;
				TARGETED_DEVICE_FAMILY = "1,2";
				TEST_HOST = "$(BUILT_PRODUCTS_DIR)/RickandMortyBook.app/RickandMortyBook";
			};
			name = Debug;
		};
		9830F6A428B18031006B4ED3 /* Release */ = {
			isa = XCBuildConfiguration;
			buildSettings = {
				ALWAYS_EMBED_SWIFT_STANDARD_LIBRARIES = YES;
				BUNDLE_LOADER = "$(TEST_HOST)";
				CODE_SIGN_STYLE = Automatic;
				DEVELOPMENT_TEAM = RJXDHCP7Z6;
				INFOPLIST_FILE = RickandMortyBookTests/Info.plist;
				IPHONEOS_DEPLOYMENT_TARGET = 14.1;
				LD_RUNPATH_SEARCH_PATHS = (
					"$(inherited)",
					"@executable_path/Frameworks",
					"@loader_path/Frameworks",
				);
				PRODUCT_BUNDLE_IDENTIFIER = personal.RickandMortyBookTests;
				PRODUCT_NAME = "$(TARGET_NAME)";
				SWIFT_VERSION = 5.0;
				TARGETED_DEVICE_FAMILY = "1,2";
				TEST_HOST = "$(BUILT_PRODUCTS_DIR)/RickandMortyBook.app/RickandMortyBook";
			};
			name = Release;
		};
		9830F6A628B18031006B4ED3 /* Debug */ = {
			isa = XCBuildConfiguration;
			buildSettings = {
				ALWAYS_EMBED_SWIFT_STANDARD_LIBRARIES = YES;
				CODE_SIGN_STYLE = Automatic;
				DEVELOPMENT_TEAM = RJXDHCP7Z6;
				INFOPLIST_FILE = RickandMortyBookUITests/Info.plist;
				LD_RUNPATH_SEARCH_PATHS = (
					"$(inherited)",
					"@executable_path/Frameworks",
					"@loader_path/Frameworks",
				);
				PRODUCT_BUNDLE_IDENTIFIER = personal.RickandMortyBookUITests;
				PRODUCT_NAME = "$(TARGET_NAME)";
				SWIFT_VERSION = 5.0;
				TARGETED_DEVICE_FAMILY = "1,2";
				TEST_TARGET_NAME = RickandMortyBook;
			};
			name = Debug;
		};
		9830F6A728B18031006B4ED3 /* Release */ = {
			isa = XCBuildConfiguration;
			buildSettings = {
				ALWAYS_EMBED_SWIFT_STANDARD_LIBRARIES = YES;
				CODE_SIGN_STYLE = Automatic;
				DEVELOPMENT_TEAM = RJXDHCP7Z6;
				INFOPLIST_FILE = RickandMortyBookUITests/Info.plist;
				LD_RUNPATH_SEARCH_PATHS = (
					"$(inherited)",
					"@executable_path/Frameworks",
					"@loader_path/Frameworks",
				);
				PRODUCT_BUNDLE_IDENTIFIER = personal.RickandMortyBookUITests;
				PRODUCT_NAME = "$(TARGET_NAME)";
				SWIFT_VERSION = 5.0;
				TARGETED_DEVICE_FAMILY = "1,2";
				TEST_TARGET_NAME = RickandMortyBook;
			};
			name = Release;
		};
/* End XCBuildConfiguration section */

/* Begin XCConfigurationList section */
		9830F67028B1802F006B4ED3 /* Build configuration list for PBXProject "RickandMortyBook" */ = {
			isa = XCConfigurationList;
			buildConfigurations = (
				9830F69D28B18031006B4ED3 /* Debug */,
				9830F69E28B18031006B4ED3 /* Release */,
			);
			defaultConfigurationIsVisible = 0;
			defaultConfigurationName = Release;
		};
		9830F69F28B18031006B4ED3 /* Build configuration list for PBXNativeTarget "RickandMortyBook" */ = {
			isa = XCConfigurationList;
			buildConfigurations = (
				9830F6A028B18031006B4ED3 /* Debug */,
				9830F6A128B18031006B4ED3 /* Release */,
			);
			defaultConfigurationIsVisible = 0;
			defaultConfigurationName = Release;
		};
		9830F6A228B18031006B4ED3 /* Build configuration list for PBXNativeTarget "RickandMortyBookTests" */ = {
			isa = XCConfigurationList;
			buildConfigurations = (
				9830F6A328B18031006B4ED3 /* Debug */,
				9830F6A428B18031006B4ED3 /* Release */,
			);
			defaultConfigurationIsVisible = 0;
			defaultConfigurationName = Release;
		};
		9830F6A528B18031006B4ED3 /* Build configuration list for PBXNativeTarget "RickandMortyBookUITests" */ = {
			isa = XCConfigurationList;
			buildConfigurations = (
				9830F6A628B18031006B4ED3 /* Debug */,
				9830F6A728B18031006B4ED3 /* Release */,
			);
			defaultConfigurationIsVisible = 0;
			defaultConfigurationName = Release;
		};
/* End XCConfigurationList section */
	};
	rootObject = 9830F66D28B1802F006B4ED3 /* Project object */;
}
