// !$*UTF8*$!
{
	archiveVersion = 1;
	classes = {
	};
	objectVersion = 50;
	objects = {

/* Begin PBXBuildFile section */
		98B7EB892894581B00F7FA06 /* AppDelegate.swift in Sources */ = {isa = PBXBuildFile; fileRef = 98B7EB882894581B00F7FA06 /* AppDelegate.swift */; };
		98B7EB8B2894581B00F7FA06 /* SceneDelegate.swift in Sources */ = {isa = PBXBuildFile; fileRef = 98B7EB8A2894581B00F7FA06 /* SceneDelegate.swift */; };
		98B7EB8D2894581B00F7FA06 /* ViewController.swift in Sources */ = {isa = PBXBuildFile; fileRef = 98B7EB8C2894581B00F7FA06 /* ViewController.swift */; };
		98B7EB902894581B00F7FA06 /* Main.storyboard in Resources */ = {isa = PBXBuildFile; fileRef = 98B7EB8E2894581B00F7FA06 /* Main.storyboard */; };
		98B7EB922894581C00F7FA06 /* Assets.xcassets in Resources */ = {isa = PBXBuildFile; fileRef = 98B7EB912894581C00F7FA06 /* Assets.xcassets */; };
		98B7EB952894581C00F7FA06 /* LaunchScreen.storyboard in Resources */ = {isa = PBXBuildFile; fileRef = 98B7EB932894581C00F7FA06 /* LaunchScreen.storyboard */; };
		98B7EBA02894581C00F7FA06 /* Catch_The_SnoopTests.swift in Sources */ = {isa = PBXBuildFile; fileRef = 98B7EB9F2894581C00F7FA06 /* Catch_The_SnoopTests.swift */; };
		98B7EBAB2894581C00F7FA06 /* Catch_The_SnoopUITests.swift in Sources */ = {isa = PBXBuildFile; fileRef = 98B7EBAA2894581C00F7FA06 /* Catch_The_SnoopUITests.swift */; };
/* End PBXBuildFile section */

/* Begin PBXContainerItemProxy section */
		98B7EB9C2894581C00F7FA06 /* PBXContainerItemProxy */ = {
			isa = PBXContainerItemProxy;
			containerPortal = 98B7EB7D2894581B00F7FA06 /* Project object */;
			proxyType = 1;
			remoteGlobalIDString = 98B7EB842894581B00F7FA06;
			remoteInfo = "Catch The Snoop";
		};
		98B7EBA72894581C00F7FA06 /* PBXContainerItemProxy */ = {
			isa = PBXContainerItemProxy;
			containerPortal = 98B7EB7D2894581B00F7FA06 /* Project object */;
			proxyType = 1;
			remoteGlobalIDString = 98B7EB842894581B00F7FA06;
			remoteInfo = "Catch The Snoop";
		};
/* End PBXContainerItemProxy section */

/* Begin PBXFileReference section */
		98B7EB852894581B00F7FA06 /* Catch The Snoop.app */ = {isa = PBXFileReference; explicitFileType = wrapper.application; includeInIndex = 0; path = "Catch The Snoop.app"; sourceTree = BUILT_PRODUCTS_DIR; };
		98B7EB882894581B00F7FA06 /* AppDelegate.swift */ = {isa = PBXFileReference; lastKnownFileType = sourcecode.swift; path = AppDelegate.swift; sourceTree = "<group>"; };
		98B7EB8A2894581B00F7FA06 /* SceneDelegate.swift */ = {isa = PBXFileReference; lastKnownFileType = sourcecode.swift; path = SceneDelegate.swift; sourceTree = "<group>"; };
		98B7EB8C2894581B00F7FA06 /* ViewController.swift */ = {isa = PBXFileReference; lastKnownFileType = sourcecode.swift; path = ViewController.swift; sourceTree = "<group>"; };
		98B7EB8F2894581B00F7FA06 /* Base */ = {isa = PBXFileReference; lastKnownFileType = file.storyboard; name = Base; path = Base.lproj/Main.storyboard; sourceTree = "<group>"; };
		98B7EB912894581C00F7FA06 /* Assets.xcassets */ = {isa = PBXFileReference; lastKnownFileType = folder.assetcatalog; path = Assets.xcassets; sourceTree = "<group>"; };
		98B7EB942894581C00F7FA06 /* Base */ = {isa = PBXFileReference; lastKnownFileType = file.storyboard; name = Base; path = Base.lproj/LaunchScreen.storyboard; sourceTree = "<group>"; };
		98B7EB962894581C00F7FA06 /* Info.plist */ = {isa = PBXFileReference; lastKnownFileType = text.plist.xml; path = Info.plist; sourceTree = "<group>"; };
		98B7EB9B2894581C00F7FA06 /* Catch The SnoopTests.xctest */ = {isa = PBXFileReference; explicitFileType = wrapper.cfbundle; includeInIndex = 0; path = "Catch The SnoopTests.xctest"; sourceTree = BUILT_PRODUCTS_DIR; };
		98B7EB9F2894581C00F7FA06 /* Catch_The_SnoopTests.swift */ = {isa = PBXFileReference; lastKnownFileType = sourcecode.swift; path = Catch_The_SnoopTests.swift; sourceTree = "<group>"; };
		98B7EBA12894581C00F7FA06 /* Info.plist */ = {isa = PBXFileReference; lastKnownFileType = text.plist.xml; path = Info.plist; sourceTree = "<group>"; };
		98B7EBA62894581C00F7FA06 /* Catch The SnoopUITests.xctest */ = {isa = PBXFileReference; explicitFileType = wrapper.cfbundle; includeInIndex = 0; path = "Catch The SnoopUITests.xctest"; sourceTree = BUILT_PRODUCTS_DIR; };
		98B7EBAA2894581C00F7FA06 /* Catch_The_SnoopUITests.swift */ = {isa = PBXFileReference; lastKnownFileType = sourcecode.swift; path = Catch_The_SnoopUITests.swift; sourceTree = "<group>"; };
		98B7EBAC2894581C00F7FA06 /* Info.plist */ = {isa = PBXFileReference; lastKnownFileType = text.plist.xml; path = Info.plist; sourceTree = "<group>"; };
/* End PBXFileReference section */

/* Begin PBXFrameworksBuildPhase section */
		98B7EB822894581B00F7FA06 /* Frameworks */ = {
			isa = PBXFrameworksBuildPhase;
			buildActionMask = 2147483647;
			files = (
			);
			runOnlyForDeploymentPostprocessing = 0;
		};
		98B7EB982894581C00F7FA06 /* Frameworks */ = {
			isa = PBXFrameworksBuildPhase;
			buildActionMask = 2147483647;
			files = (
			);
			runOnlyForDeploymentPostprocessing = 0;
		};
		98B7EBA32894581C00F7FA06 /* Frameworks */ = {
			isa = PBXFrameworksBuildPhase;
			buildActionMask = 2147483647;
			files = (
			);
			runOnlyForDeploymentPostprocessing = 0;
		};
/* End PBXFrameworksBuildPhase section */

/* Begin PBXGroup section */
		98B7EB7C2894581B00F7FA06 = {
			isa = PBXGroup;
			children = (
				98B7EB872894581B00F7FA06 /* Catch The Snoop */,
				98B7EB9E2894581C00F7FA06 /* Catch The SnoopTests */,
				98B7EBA92894581C00F7FA06 /* Catch The SnoopUITests */,
				98B7EB862894581B00F7FA06 /* Products */,
			);
			sourceTree = "<group>";
		};
		98B7EB862894581B00F7FA06 /* Products */ = {
			isa = PBXGroup;
			children = (
				98B7EB852894581B00F7FA06 /* Catch The Snoop.app */,
				98B7EB9B2894581C00F7FA06 /* Catch The SnoopTests.xctest */,
				98B7EBA62894581C00F7FA06 /* Catch The SnoopUITests.xctest */,
			);
			name = Products;
			sourceTree = "<group>";
		};
		98B7EB872894581B00F7FA06 /* Catch The Snoop */ = {
			isa = PBXGroup;
			children = (
				98B7EB882894581B00F7FA06 /* AppDelegate.swift */,
				98B7EB8A2894581B00F7FA06 /* SceneDelegate.swift */,
				98B7EB8C2894581B00F7FA06 /* ViewController.swift */,
				98B7EB8E2894581B00F7FA06 /* Main.storyboard */,
				98B7EB912894581C00F7FA06 /* Assets.xcassets */,
				98B7EB932894581C00F7FA06 /* LaunchScreen.storyboard */,
				98B7EB962894581C00F7FA06 /* Info.plist */,
			);
			path = "Catch The Snoop";
			sourceTree = "<group>";
		};
		98B7EB9E2894581C00F7FA06 /* Catch The SnoopTests */ = {
			isa = PBXGroup;
			children = (
				98B7EB9F2894581C00F7FA06 /* Catch_The_SnoopTests.swift */,
				98B7EBA12894581C00F7FA06 /* Info.plist */,
			);
			path = "Catch The SnoopTests";
			sourceTree = "<group>";
		};
		98B7EBA92894581C00F7FA06 /* Catch The SnoopUITests */ = {
			isa = PBXGroup;
			children = (
				98B7EBAA2894581C00F7FA06 /* Catch_The_SnoopUITests.swift */,
				98B7EBAC2894581C00F7FA06 /* Info.plist */,
			);
			path = "Catch The SnoopUITests";
			sourceTree = "<group>";
		};
/* End PBXGroup section */

/* Begin PBXNativeTarget section */
		98B7EB842894581B00F7FA06 /* Catch The Snoop */ = {
			isa = PBXNativeTarget;
			buildConfigurationList = 98B7EBAF2894581C00F7FA06 /* Build configuration list for PBXNativeTarget "Catch The Snoop" */;
			buildPhases = (
				98B7EB812894581B00F7FA06 /* Sources */,
				98B7EB822894581B00F7FA06 /* Frameworks */,
				98B7EB832894581B00F7FA06 /* Resources */,
			);
			buildRules = (
			);
			dependencies = (
			);
			name = "Catch The Snoop";
			productName = "Catch The Snoop";
			productReference = 98B7EB852894581B00F7FA06 /* Catch The Snoop.app */;
			productType = "com.apple.product-type.application";
		};
		98B7EB9A2894581C00F7FA06 /* Catch The SnoopTests */ = {
			isa = PBXNativeTarget;
			buildConfigurationList = 98B7EBB22894581C00F7FA06 /* Build configuration list for PBXNativeTarget "Catch The SnoopTests" */;
			buildPhases = (
				98B7EB972894581C00F7FA06 /* Sources */,
				98B7EB982894581C00F7FA06 /* Frameworks */,
				98B7EB992894581C00F7FA06 /* Resources */,
			);
			buildRules = (
			);
			dependencies = (
				98B7EB9D2894581C00F7FA06 /* PBXTargetDependency */,
			);
			name = "Catch The SnoopTests";
			productName = "Catch The SnoopTests";
			productReference = 98B7EB9B2894581C00F7FA06 /* Catch The SnoopTests.xctest */;
			productType = "com.apple.product-type.bundle.unit-test";
		};
		98B7EBA52894581C00F7FA06 /* Catch The SnoopUITests */ = {
			isa = PBXNativeTarget;
			buildConfigurationList = 98B7EBB52894581C00F7FA06 /* Build configuration list for PBXNativeTarget "Catch The SnoopUITests" */;
			buildPhases = (
				98B7EBA22894581C00F7FA06 /* Sources */,
				98B7EBA32894581C00F7FA06 /* Frameworks */,
				98B7EBA42894581C00F7FA06 /* Resources */,
			);
			buildRules = (
			);
			dependencies = (
				98B7EBA82894581C00F7FA06 /* PBXTargetDependency */,
			);
			name = "Catch The SnoopUITests";
			productName = "Catch The SnoopUITests";
			productReference = 98B7EBA62894581C00F7FA06 /* Catch The SnoopUITests.xctest */;
			productType = "com.apple.product-type.bundle.ui-testing";
		};
/* End PBXNativeTarget section */

/* Begin PBXProject section */
		98B7EB7D2894581B00F7FA06 /* Project object */ = {
			isa = PBXProject;
			attributes = {
				LastSwiftUpdateCheck = 1210;
				LastUpgradeCheck = 1210;
				TargetAttributes = {
					98B7EB842894581B00F7FA06 = {
						CreatedOnToolsVersion = 12.1;
					};
					98B7EB9A2894581C00F7FA06 = {
						CreatedOnToolsVersion = 12.1;
						TestTargetID = 98B7EB842894581B00F7FA06;
					};
					98B7EBA52894581C00F7FA06 = {
						CreatedOnToolsVersion = 12.1;
						TestTargetID = 98B7EB842894581B00F7FA06;
					};
				};
			};
			buildConfigurationList = 98B7EB802894581B00F7FA06 /* Build configuration list for PBXProject "Catch The Snoop" */;
			compatibilityVersion = "Xcode 9.3";
			developmentRegion = en;
			hasScannedForEncodings = 0;
			knownRegions = (
				en,
				Base,
			);
			mainGroup = 98B7EB7C2894581B00F7FA06;
			productRefGroup = 98B7EB862894581B00F7FA06 /* Products */;
			projectDirPath = "";
			projectRoot = "";
			targets = (
				98B7EB842894581B00F7FA06 /* Catch The Snoop */,
				98B7EB9A2894581C00F7FA06 /* Catch The SnoopTests */,
				98B7EBA52894581C00F7FA06 /* Catch The SnoopUITests */,
			);
		};
/* End PBXProject section */

/* Begin PBXResourcesBuildPhase section */
		98B7EB832894581B00F7FA06 /* Resources */ = {
			isa = PBXResourcesBuildPhase;
			buildActionMask = 2147483647;
			files = (
				98B7EB952894581C00F7FA06 /* LaunchScreen.storyboard in Resources */,
				98B7EB922894581C00F7FA06 /* Assets.xcassets in Resources */,
				98B7EB902894581B00F7FA06 /* Main.storyboard in Resources */,
			);
			runOnlyForDeploymentPostprocessing = 0;
		};
		98B7EB992894581C00F7FA06 /* Resources */ = {
			isa = PBXResourcesBuildPhase;
			buildActionMask = 2147483647;
			files = (
			);
			runOnlyForDeploymentPostprocessing = 0;
		};
		98B7EBA42894581C00F7FA06 /* Resources */ = {
			isa = PBXResourcesBuildPhase;
			buildActionMask = 2147483647;
			files = (
			);
			runOnlyForDeploymentPostprocessing = 0;
		};
/* End PBXResourcesBuildPhase section */

/* Begin PBXSourcesBuildPhase section */
		98B7EB812894581B00F7FA06 /* Sources */ = {
			isa = PBXSourcesBuildPhase;
			buildActionMask = 2147483647;
			files = (
				98B7EB8D2894581B00F7FA06 /* ViewController.swift in Sources */,
				98B7EB892894581B00F7FA06 /* AppDelegate.swift in Sources */,
				98B7EB8B2894581B00F7FA06 /* SceneDelegate.swift in Sources */,
			);
			runOnlyForDeploymentPostprocessing = 0;
		};
		98B7EB972894581C00F7FA06 /* Sources */ = {
			isa = PBXSourcesBuildPhase;
			buildActionMask = 2147483647;
			files = (
				98B7EBA02894581C00F7FA06 /* Catch_The_SnoopTests.swift in Sources */,
			);
			runOnlyForDeploymentPostprocessing = 0;
		};
		98B7EBA22894581C00F7FA06 /* Sources */ = {
			isa = PBXSourcesBuildPhase;
			buildActionMask = 2147483647;
			files = (
				98B7EBAB2894581C00F7FA06 /* Catch_The_SnoopUITests.swift in Sources */,
			);
			runOnlyForDeploymentPostprocessing = 0;
		};
/* End PBXSourcesBuildPhase section */

/* Begin PBXTargetDependency section */
		98B7EB9D2894581C00F7FA06 /* PBXTargetDependency */ = {
			isa = PBXTargetDependency;
			target = 98B7EB842894581B00F7FA06 /* Catch The Snoop */;
			targetProxy = 98B7EB9C2894581C00F7FA06 /* PBXContainerItemProxy */;
		};
		98B7EBA82894581C00F7FA06 /* PBXTargetDependency */ = {
			isa = PBXTargetDependency;
			target = 98B7EB842894581B00F7FA06 /* Catch The Snoop */;
			targetProxy = 98B7EBA72894581C00F7FA06 /* PBXContainerItemProxy */;
		};
/* End PBXTargetDependency section */

/* Begin PBXVariantGroup section */
		98B7EB8E2894581B00F7FA06 /* Main.storyboard */ = {
			isa = PBXVariantGroup;
			children = (
				98B7EB8F2894581B00F7FA06 /* Base */,
			);
			name = Main.storyboard;
			sourceTree = "<group>";
		};
		98B7EB932894581C00F7FA06 /* LaunchScreen.storyboard */ = {
			isa = PBXVariantGroup;
			children = (
				98B7EB942894581C00F7FA06 /* Base */,
			);
			name = LaunchScreen.storyboard;
			sourceTree = "<group>";
		};
/* End PBXVariantGroup section */

/* Begin XCBuildConfiguration section */
		98B7EBAD2894581C00F7FA06 /* Debug */ = {
			isa = XCBuildConfiguration;
			buildSettings = {
				ALWAYS_SEARCH_USER_PATHS = NO;
				CLANG_ANALYZER_NONNULL = YES;
				CLANG_ANALYZER_NUMBER_OBJECT_CONVERSION = YES_AGGRESSIVE;
				CLANG_CXX_LANGUAGE_STANDARD = "gnu++14";
				CLANG_CXX_LIBRARY = "libc++";
				CLANG_ENABLE_MODULES = YES;
				CLANG_ENABLE_OBJC_ARC = YES;
				CLANG_ENABLE_OBJC_WEAK = YES;
				CLANG_WARN_BLOCK_CAPTURE_AUTORELEASING = YES;
				CLANG_WARN_BOOL_CONVERSION = YES;
				CLANG_WARN_COMMA = YES;
				CLANG_WARN_CONSTANT_CONVERSION = YES;
				CLANG_WARN_DEPRECATED_OBJC_IMPLEMENTATIONS = YES;
				CLANG_WARN_DIRECT_OBJC_ISA_USAGE = YES_ERROR;
				CLANG_WARN_DOCUMENTATION_COMMENTS = YES;
				CLANG_WARN_EMPTY_BODY = YES;
				CLANG_WARN_ENUM_CONVERSION = YES;
				CLANG_WARN_INFINITE_RECURSION = YES;
				CLANG_WARN_INT_CONVERSION = YES;
				CLANG_WARN_NON_LITERAL_NULL_CONVERSION = YES;
				CLANG_WARN_OBJC_IMPLICIT_RETAIN_SELF = YES;
				CLANG_WARN_OBJC_LITERAL_CONVERSION = YES;
				CLANG_WARN_OBJC_ROOT_CLASS = YES_ERROR;
				CLANG_WARN_QUOTED_INCLUDE_IN_FRAMEWORK_HEADER = YES;
				CLANG_WARN_RANGE_LOOP_ANALYSIS = YES;
				CLANG_WARN_STRICT_PROTOTYPES = YES;
				CLANG_WARN_SUSPICIOUS_MOVE = YES;
				CLANG_WARN_UNGUARDED_AVAILABILITY = YES_AGGRESSIVE;
				CLANG_WARN_UNREACHABLE_CODE = YES;
				CLANG_WARN__DUPLICATE_METHOD_MATCH = YES;
				COPY_PHASE_STRIP = NO;
				DEBUG_INFORMATION_FORMAT = dwarf;
				ENABLE_STRICT_OBJC_MSGSEND = YES;
				ENABLE_TESTABILITY = YES;
				GCC_C_LANGUAGE_STANDARD = gnu11;
				GCC_DYNAMIC_NO_PIC = NO;
				GCC_NO_COMMON_BLOCKS = YES;
				GCC_OPTIMIZATION_LEVEL = 0;
				GCC_PREPROCESSOR_DEFINITIONS = (
					"DEBUG=1",
					"$(inherited)",
				);
				GCC_WARN_64_TO_32_BIT_CONVERSION = YES;
				GCC_WARN_ABOUT_RETURN_TYPE = YES_ERROR;
				GCC_WARN_UNDECLARED_SELECTOR = YES;
				GCC_WARN_UNINITIALIZED_AUTOS = YES_AGGRESSIVE;
				GCC_WARN_UNUSED_FUNCTION = YES;
				GCC_WARN_UNUSED_VARIABLE = YES;
				IPHONEOS_DEPLOYMENT_TARGET = 14.1;
				MTL_ENABLE_DEBUG_INFO = INCLUDE_SOURCE;
				MTL_FAST_MATH = YES;
				ONLY_ACTIVE_ARCH = YES;
				SDKROOT = iphoneos;
				SWIFT_ACTIVE_COMPILATION_CONDITIONS = DEBUG;
				SWIFT_OPTIMIZATION_LEVEL = "-Onone";
			};
			name = Debug;
		};
		98B7EBAE2894581C00F7FA06 /* Release */ = {
			isa = XCBuildConfiguration;
			buildSettings = {
				ALWAYS_SEARCH_USER_PATHS = NO;
				CLANG_ANALYZER_NONNULL = YES;
				CLANG_ANALYZER_NUMBER_OBJECT_CONVERSION = YES_AGGRESSIVE;
				CLANG_CXX_LANGUAGE_STANDARD = "gnu++14";
				CLANG_CXX_LIBRARY = "libc++";
				CLANG_ENABLE_MODULES = YES;
				CLANG_ENABLE_OBJC_ARC = YES;
				CLANG_ENABLE_OBJC_WEAK = YES;
				CLANG_WARN_BLOCK_CAPTURE_AUTORELEASING = YES;
				CLANG_WARN_BOOL_CONVERSION = YES;
				CLANG_WARN_COMMA = YES;
				CLANG_WARN_CONSTANT_CONVERSION = YES;
				CLANG_WARN_DEPRECATED_OBJC_IMPLEMENTATIONS = YES;
				CLANG_WARN_DIRECT_OBJC_ISA_USAGE = YES_ERROR;
				CLANG_WARN_DOCUMENTATION_COMMENTS = YES;
				CLANG_WARN_EMPTY_BODY = YES;
				CLANG_WARN_ENUM_CONVERSION = YES;
				CLANG_WARN_INFINITE_RECURSION = YES;
				CLANG_WARN_INT_CONVERSION = YES;
				CLANG_WARN_NON_LITERAL_NULL_CONVERSION = YES;
				CLANG_WARN_OBJC_IMPLICIT_RETAIN_SELF = YES;
				CLANG_WARN_OBJC_LITERAL_CONVERSION = YES;
				CLANG_WARN_OBJC_ROOT_CLASS = YES_ERROR;
				CLANG_WARN_QUOTED_INCLUDE_IN_FRAMEWORK_HEADER = YES;
				CLANG_WARN_RANGE_LOOP_ANALYSIS = YES;
				CLANG_WARN_STRICT_PROTOTYPES = YES;
				CLANG_WARN_SUSPICIOUS_MOVE = YES;
				CLANG_WARN_UNGUARDED_AVAILABILITY = YES_AGGRESSIVE;
				CLANG_WARN_UNREACHABLE_CODE = YES;
				CLANG_WARN__DUPLICATE_METHOD_MATCH = YES;
				COPY_PHASE_STRIP = NO;
				DEBUG_INFORMATION_FORMAT = "dwarf-with-dsym";
				ENABLE_NS_ASSERTIONS = NO;
				ENABLE_STRICT_OBJC_MSGSEND = YES;
				GCC_C_LANGUAGE_STANDARD = gnu11;
				GCC_NO_COMMON_BLOCKS = YES;
				GCC_WARN_64_TO_32_BIT_CONVERSION = YES;
				GCC_WARN_ABOUT_RETURN_TYPE = YES_ERROR;
				GCC_WARN_UNDECLARED_SELECTOR = YES;
				GCC_WARN_UNINITIALIZED_AUTOS = YES_AGGRESSIVE;
				GCC_WARN_UNUSED_FUNCTION = YES;
				GCC_WARN_UNUSED_VARIABLE = YES;
				IPHONEOS_DEPLOYMENT_TARGET = 14.1;
				MTL_ENABLE_DEBUG_INFO = NO;
				MTL_FAST_MATH = YES;
				SDKROOT = iphoneos;
				SWIFT_COMPILATION_MODE = wholemodule;
				SWIFT_OPTIMIZATION_LEVEL = "-O";
				VALIDATE_PRODUCT = YES;
			};
			name = Release;
		};
		98B7EBB02894581C00F7FA06 /* Debug */ = {
			isa = XCBuildConfiguration;
			buildSettings = {
				ASSETCATALOG_COMPILER_APPICON_NAME = AppIcon;
				ASSETCATALOG_COMPILER_GLOBAL_ACCENT_COLOR_NAME = AccentColor;
				CODE_SIGN_STYLE = Automatic;
				DEVELOPMENT_TEAM = RJXDHCP7Z6;
				INFOPLIST_FILE = "Catch The Snoop/Info.plist";
				LD_RUNPATH_SEARCH_PATHS = (
					"$(inherited)",
					"@executable_path/Frameworks",
				);
				PRODUCT_BUNDLE_IDENTIFIER = "personal.Catch-The-Snoop";
				PRODUCT_NAME = "$(TARGET_NAME)";
				SWIFT_VERSION = 5.0;
				TARGETED_DEVICE_FAMILY = "1,2";
			};
			name = Debug;
		};
		98B7EBB12894581C00F7FA06 /* Release */ = {
			isa = XCBuildConfiguration;
			buildSettings = {
				ASSETCATALOG_COMPILER_APPICON_NAME = AppIcon;
				ASSETCATALOG_COMPILER_GLOBAL_ACCENT_COLOR_NAME = AccentColor;
				CODE_SIGN_STYLE = Automatic;
				DEVELOPMENT_TEAM = RJXDHCP7Z6;
				INFOPLIST_FILE = "Catch The Snoop/Info.plist";
				LD_RUNPATH_SEARCH_PATHS = (
					"$(inherited)",
					"@executable_path/Frameworks",
				);
				PRODUCT_BUNDLE_IDENTIFIER = "personal.Catch-The-Snoop";
				PRODUCT_NAME = "$(TARGET_NAME)";
				SWIFT_VERSION = 5.0;
				TARGETED_DEVICE_FAMILY = "1,2";
			};
			name = Release;
		};
		98B7EBB32894581C00F7FA06 /* Debug */ = {
			isa = XCBuildConfiguration;
			buildSettings = {
				ALWAYS_EMBED_SWIFT_STANDARD_LIBRARIES = YES;
				BUNDLE_LOADER = "$(TEST_HOST)";
				CODE_SIGN_STYLE = Automatic;
				DEVELOPMENT_TEAM = RJXDHCP7Z6;
				INFOPLIST_FILE = "Catch The SnoopTests/Info.plist";
				IPHONEOS_DEPLOYMENT_TARGET = 14.1;
				LD_RUNPATH_SEARCH_PATHS = (
					"$(inherited)",
					"@executable_path/Frameworks",
					"@loader_path/Frameworks",
				);
				PRODUCT_BUNDLE_IDENTIFIER = "personal.Catch-The-SnoopTests";
				PRODUCT_NAME = "$(TARGET_NAME)";
				SWIFT_VERSION = 5.0;
				TARGETED_DEVICE_FAMILY = "1,2";
				TEST_HOST = "$(BUILT_PRODUCTS_DIR)/Catch The Snoop.app/Catch The Snoop";
			};
			name = Debug;
		};
		98B7EBB42894581C00F7FA06 /* Release */ = {
			isa = XCBuildConfiguration;
			buildSettings = {
				ALWAYS_EMBED_SWIFT_STANDARD_LIBRARIES = YES;
				BUNDLE_LOADER = "$(TEST_HOST)";
				CODE_SIGN_STYLE = Automatic;
				DEVELOPMENT_TEAM = RJXDHCP7Z6;
				INFOPLIST_FILE = "Catch The SnoopTests/Info.plist";
				IPHONEOS_DEPLOYMENT_TARGET = 14.1;
				LD_RUNPATH_SEARCH_PATHS = (
					"$(inherited)",
					"@executable_path/Frameworks",
					"@loader_path/Frameworks",
				);
				PRODUCT_BUNDLE_IDENTIFIER = "personal.Catch-The-SnoopTests";
				PRODUCT_NAME = "$(TARGET_NAME)";
				SWIFT_VERSION = 5.0;
				TARGETED_DEVICE_FAMILY = "1,2";
				TEST_HOST = "$(BUILT_PRODUCTS_DIR)/Catch The Snoop.app/Catch The Snoop";
			};
			name = Release;
		};
		98B7EBB62894581C00F7FA06 /* Debug */ = {
			isa = XCBuildConfiguration;
			buildSettings = {
				ALWAYS_EMBED_SWIFT_STANDARD_LIBRARIES = YES;
				CODE_SIGN_STYLE = Automatic;
				DEVELOPMENT_TEAM = RJXDHCP7Z6;
				INFOPLIST_FILE = "Catch The SnoopUITests/Info.plist";
				LD_RUNPATH_SEARCH_PATHS = (
					"$(inherited)",
					"@executable_path/Frameworks",
					"@loader_path/Frameworks",
				);
				PRODUCT_BUNDLE_IDENTIFIER = "personal.Catch-The-SnoopUITests";
				PRODUCT_NAME = "$(TARGET_NAME)";
				SWIFT_VERSION = 5.0;
				TARGETED_DEVICE_FAMILY = "1,2";
				TEST_TARGET_NAME = "Catch The Snoop";
			};
			name = Debug;
		};
		98B7EBB72894581C00F7FA06 /* Release */ = {
			isa = XCBuildConfiguration;
			buildSettings = {
				ALWAYS_EMBED_SWIFT_STANDARD_LIBRARIES = YES;
				CODE_SIGN_STYLE = Automatic;
				DEVELOPMENT_TEAM = RJXDHCP7Z6;
				INFOPLIST_FILE = "Catch The SnoopUITests/Info.plist";
				LD_RUNPATH_SEARCH_PATHS = (
					"$(inherited)",
					"@executable_path/Frameworks",
					"@loader_path/Frameworks",
				);
				PRODUCT_BUNDLE_IDENTIFIER = "personal.Catch-The-SnoopUITests";
				PRODUCT_NAME = "$(TARGET_NAME)";
				SWIFT_VERSION = 5.0;
				TARGETED_DEVICE_FAMILY = "1,2";
				TEST_TARGET_NAME = "Catch The Snoop";
			};
			name = Release;
		};
/* End XCBuildConfiguration section */

/* Begin XCConfigurationList section */
		98B7EB802894581B00F7FA06 /* Build configuration list for PBXProject "Catch The Snoop" */ = {
			isa = XCConfigurationList;
			buildConfigurations = (
				98B7EBAD2894581C00F7FA06 /* Debug */,
				98B7EBAE2894581C00F7FA06 /* Release */,
			);
			defaultConfigurationIsVisible = 0;
			defaultConfigurationName = Release;
		};
		98B7EBAF2894581C00F7FA06 /* Build configuration list for PBXNativeTarget "Catch The Snoop" */ = {
			isa = XCConfigurationList;
			buildConfigurations = (
				98B7EBB02894581C00F7FA06 /* Debug */,
				98B7EBB12894581C00F7FA06 /* Release */,
			);
			defaultConfigurationIsVisible = 0;
			defaultConfigurationName = Release;
		};
		98B7EBB22894581C00F7FA06 /* Build configuration list for PBXNativeTarget "Catch The SnoopTests" */ = {
			isa = XCConfigurationList;
			buildConfigurations = (
				98B7EBB32894581C00F7FA06 /* Debug */,
				98B7EBB42894581C00F7FA06 /* Release */,
			);
			defaultConfigurationIsVisible = 0;
			defaultConfigurationName = Release;
		};
		98B7EBB52894581C00F7FA06 /* Build configuration list for PBXNativeTarget "Catch The SnoopUITests" */ = {
			isa = XCConfigurationList;
			buildConfigurations = (
				98B7EBB62894581C00F7FA06 /* Debug */,
				98B7EBB72894581C00F7FA06 /* Release */,
			);
			defaultConfigurationIsVisible = 0;
			defaultConfigurationName = Release;
		};
/* End XCConfigurationList section */
	};
	rootObject = 98B7EB7D2894581B00F7FA06 /* Project object */;
}
