// !$*UTF8*$!
{
	archiveVersion = 1;
	classes = {
	};
	objectVersion = 50;
	objects = {

/* Begin PBXBuildFile section */
		9855A67D2891C9F900C0D2A7 /* AppDelegate.swift in Sources */ = {isa = PBXBuildFile; fileRef = 9855A67C2891C9F900C0D2A7 /* AppDelegate.swift */; };
		9855A67F2891C9F900C0D2A7 /* SceneDelegate.swift in Sources */ = {isa = PBXBuildFile; fileRef = 9855A67E2891C9F900C0D2A7 /* SceneDelegate.swift */; };
		9855A6812891C9F900C0D2A7 /* ViewController.swift in Sources */ = {isa = PBXBuildFile; fileRef = 9855A6802891C9F900C0D2A7 /* ViewController.swift */; };
		9855A6842891C9F900C0D2A7 /* Main.storyboard in Resources */ = {isa = PBXBuildFile; fileRef = 9855A6822891C9F900C0D2A7 /* Main.storyboard */; };
		9855A6862891C9FA00C0D2A7 /* Assets.xcassets in Resources */ = {isa = PBXBuildFile; fileRef = 9855A6852891C9FA00C0D2A7 /* Assets.xcassets */; };
		9855A6892891C9FA00C0D2A7 /* LaunchScreen.storyboard in Resources */ = {isa = PBXBuildFile; fileRef = 9855A6872891C9FA00C0D2A7 /* LaunchScreen.storyboard */; };
		9855A6942891C9FA00C0D2A7 /* Timer_AppTests.swift in Sources */ = {isa = PBXBuildFile; fileRef = 9855A6932891C9FA00C0D2A7 /* Timer_AppTests.swift */; };
		9855A69F2891C9FA00C0D2A7 /* Timer_AppUITests.swift in Sources */ = {isa = PBXBuildFile; fileRef = 9855A69E2891C9FA00C0D2A7 /* Timer_AppUITests.swift */; };
/* End PBXBuildFile section */

/* Begin PBXContainerItemProxy section */
		9855A6902891C9FA00C0D2A7 /* PBXContainerItemProxy */ = {
			isa = PBXContainerItemProxy;
			containerPortal = 9855A6712891C9F900C0D2A7 /* Project object */;
			proxyType = 1;
			remoteGlobalIDString = 9855A6782891C9F900C0D2A7;
			remoteInfo = "Timer App";
		};
		9855A69B2891C9FA00C0D2A7 /* PBXContainerItemProxy */ = {
			isa = PBXContainerItemProxy;
			containerPortal = 9855A6712891C9F900C0D2A7 /* Project object */;
			proxyType = 1;
			remoteGlobalIDString = 9855A6782891C9F900C0D2A7;
			remoteInfo = "Timer App";
		};
/* End PBXContainerItemProxy section */

/* Begin PBXFileReference section */
		9855A6792891C9F900C0D2A7 /* Timer App.app */ = {isa = PBXFileReference; explicitFileType = wrapper.application; includeInIndex = 0; path = "Timer App.app"; sourceTree = BUILT_PRODUCTS_DIR; };
		9855A67C2891C9F900C0D2A7 /* AppDelegate.swift */ = {isa = PBXFileReference; lastKnownFileType = sourcecode.swift; path = AppDelegate.swift; sourceTree = "<group>"; };
		9855A67E2891C9F900C0D2A7 /* SceneDelegate.swift */ = {isa = PBXFileReference; lastKnownFileType = sourcecode.swift; path = SceneDelegate.swift; sourceTree = "<group>"; };
		9855A6802891C9F900C0D2A7 /* ViewController.swift */ = {isa = PBXFileReference; lastKnownFileType = sourcecode.swift; path = ViewController.swift; sourceTree = "<group>"; };
		9855A6832891C9F900C0D2A7 /* Base */ = {isa = PBXFileReference; lastKnownFileType = file.storyboard; name = Base; path = Base.lproj/Main.storyboard; sourceTree = "<group>"; };
		9855A6852891C9FA00C0D2A7 /* Assets.xcassets */ = {isa = PBXFileReference; lastKnownFileType = folder.assetcatalog; path = Assets.xcassets; sourceTree = "<group>"; };
		9855A6882891C9FA00C0D2A7 /* Base */ = {isa = PBXFileReference; lastKnownFileType = file.storyboard; name = Base; path = Base.lproj/LaunchScreen.storyboard; sourceTree = "<group>"; };
		9855A68A2891C9FA00C0D2A7 /* Info.plist */ = {isa = PBXFileReference; lastKnownFileType = text.plist.xml; path = Info.plist; sourceTree = "<group>"; };
		9855A68F2891C9FA00C0D2A7 /* Timer AppTests.xctest */ = {isa = PBXFileReference; explicitFileType = wrapper.cfbundle; includeInIndex = 0; path = "Timer AppTests.xctest"; sourceTree = BUILT_PRODUCTS_DIR; };
		9855A6932891C9FA00C0D2A7 /* Timer_AppTests.swift */ = {isa = PBXFileReference; lastKnownFileType = sourcecode.swift; path = Timer_AppTests.swift; sourceTree = "<group>"; };
		9855A6952891C9FA00C0D2A7 /* Info.plist */ = {isa = PBXFileReference; lastKnownFileType = text.plist.xml; path = Info.plist; sourceTree = "<group>"; };
		9855A69A2891C9FA00C0D2A7 /* Timer AppUITests.xctest */ = {isa = PBXFileReference; explicitFileType = wrapper.cfbundle; includeInIndex = 0; path = "Timer AppUITests.xctest"; sourceTree = BUILT_PRODUCTS_DIR; };
		9855A69E2891C9FA00C0D2A7 /* Timer_AppUITests.swift */ = {isa = PBXFileReference; lastKnownFileType = sourcecode.swift; path = Timer_AppUITests.swift; sourceTree = "<group>"; };
		9855A6A02891C9FA00C0D2A7 /* Info.plist */ = {isa = PBXFileReference; lastKnownFileType = text.plist.xml; path = Info.plist; sourceTree = "<group>"; };
/* End PBXFileReference section */

/* Begin PBXFrameworksBuildPhase section */
		9855A6762891C9F900C0D2A7 /* Frameworks */ = {
			isa = PBXFrameworksBuildPhase;
			buildActionMask = 2147483647;
			files = (
			);
			runOnlyForDeploymentPostprocessing = 0;
		};
		9855A68C2891C9FA00C0D2A7 /* Frameworks */ = {
			isa = PBXFrameworksBuildPhase;
			buildActionMask = 2147483647;
			files = (
			);
			runOnlyForDeploymentPostprocessing = 0;
		};
		9855A6972891C9FA00C0D2A7 /* Frameworks */ = {
			isa = PBXFrameworksBuildPhase;
			buildActionMask = 2147483647;
			files = (
			);
			runOnlyForDeploymentPostprocessing = 0;
		};
/* End PBXFrameworksBuildPhase section */

/* Begin PBXGroup section */
		9855A6702891C9F900C0D2A7 = {
			isa = PBXGroup;
			children = (
				9855A67B2891C9F900C0D2A7 /* Timer App */,
				9855A6922891C9FA00C0D2A7 /* Timer AppTests */,
				9855A69D2891C9FA00C0D2A7 /* Timer AppUITests */,
				9855A67A2891C9F900C0D2A7 /* Products */,
			);
			sourceTree = "<group>";
		};
		9855A67A2891C9F900C0D2A7 /* Products */ = {
			isa = PBXGroup;
			children = (
				9855A6792891C9F900C0D2A7 /* Timer App.app */,
				9855A68F2891C9FA00C0D2A7 /* Timer AppTests.xctest */,
				9855A69A2891C9FA00C0D2A7 /* Timer AppUITests.xctest */,
			);
			name = Products;
			sourceTree = "<group>";
		};
		9855A67B2891C9F900C0D2A7 /* Timer App */ = {
			isa = PBXGroup;
			children = (
				9855A67C2891C9F900C0D2A7 /* AppDelegate.swift */,
				9855A67E2891C9F900C0D2A7 /* SceneDelegate.swift */,
				9855A6802891C9F900C0D2A7 /* ViewController.swift */,
				9855A6822891C9F900C0D2A7 /* Main.storyboard */,
				9855A6852891C9FA00C0D2A7 /* Assets.xcassets */,
				9855A6872891C9FA00C0D2A7 /* LaunchScreen.storyboard */,
				9855A68A2891C9FA00C0D2A7 /* Info.plist */,
			);
			path = "Timer App";
			sourceTree = "<group>";
		};
		9855A6922891C9FA00C0D2A7 /* Timer AppTests */ = {
			isa = PBXGroup;
			children = (
				9855A6932891C9FA00C0D2A7 /* Timer_AppTests.swift */,
				9855A6952891C9FA00C0D2A7 /* Info.plist */,
			);
			path = "Timer AppTests";
			sourceTree = "<group>";
		};
		9855A69D2891C9FA00C0D2A7 /* Timer AppUITests */ = {
			isa = PBXGroup;
			children = (
				9855A69E2891C9FA00C0D2A7 /* Timer_AppUITests.swift */,
				9855A6A02891C9FA00C0D2A7 /* Info.plist */,
			);
			path = "Timer AppUITests";
			sourceTree = "<group>";
		};
/* End PBXGroup section */

/* Begin PBXNativeTarget section */
		9855A6782891C9F900C0D2A7 /* Timer App */ = {
			isa = PBXNativeTarget;
			buildConfigurationList = 9855A6A32891C9FA00C0D2A7 /* Build configuration list for PBXNativeTarget "Timer App" */;
			buildPhases = (
				9855A6752891C9F900C0D2A7 /* Sources */,
				9855A6762891C9F900C0D2A7 /* Frameworks */,
				9855A6772891C9F900C0D2A7 /* Resources */,
			);
			buildRules = (
			);
			dependencies = (
			);
			name = "Timer App";
			productName = "Timer App";
			productReference = 9855A6792891C9F900C0D2A7 /* Timer App.app */;
			productType = "com.apple.product-type.application";
		};
		9855A68E2891C9FA00C0D2A7 /* Timer AppTests */ = {
			isa = PBXNativeTarget;
			buildConfigurationList = 9855A6A62891C9FA00C0D2A7 /* Build configuration list for PBXNativeTarget "Timer AppTests" */;
			buildPhases = (
				9855A68B2891C9FA00C0D2A7 /* Sources */,
				9855A68C2891C9FA00C0D2A7 /* Frameworks */,
				9855A68D2891C9FA00C0D2A7 /* Resources */,
			);
			buildRules = (
			);
			dependencies = (
				9855A6912891C9FA00C0D2A7 /* PBXTargetDependency */,
			);
			name = "Timer AppTests";
			productName = "Timer AppTests";
			productReference = 9855A68F2891C9FA00C0D2A7 /* Timer AppTests.xctest */;
			productType = "com.apple.product-type.bundle.unit-test";
		};
		9855A6992891C9FA00C0D2A7 /* Timer AppUITests */ = {
			isa = PBXNativeTarget;
			buildConfigurationList = 9855A6A92891C9FA00C0D2A7 /* Build configuration list for PBXNativeTarget "Timer AppUITests" */;
			buildPhases = (
				9855A6962891C9FA00C0D2A7 /* Sources */,
				9855A6972891C9FA00C0D2A7 /* Frameworks */,
				9855A6982891C9FA00C0D2A7 /* Resources */,
			);
			buildRules = (
			);
			dependencies = (
				9855A69C2891C9FA00C0D2A7 /* PBXTargetDependency */,
			);
			name = "Timer AppUITests";
			productName = "Timer AppUITests";
			productReference = 9855A69A2891C9FA00C0D2A7 /* Timer AppUITests.xctest */;
			productType = "com.apple.product-type.bundle.ui-testing";
		};
/* End PBXNativeTarget section */

/* Begin PBXProject section */
		9855A6712891C9F900C0D2A7 /* Project object */ = {
			isa = PBXProject;
			attributes = {
				LastSwiftUpdateCheck = 1210;
				LastUpgradeCheck = 1210;
				TargetAttributes = {
					9855A6782891C9F900C0D2A7 = {
						CreatedOnToolsVersion = 12.1;
					};
					9855A68E2891C9FA00C0D2A7 = {
						CreatedOnToolsVersion = 12.1;
						TestTargetID = 9855A6782891C9F900C0D2A7;
					};
					9855A6992891C9FA00C0D2A7 = {
						CreatedOnToolsVersion = 12.1;
						TestTargetID = 9855A6782891C9F900C0D2A7;
					};
				};
			};
			buildConfigurationList = 9855A6742891C9F900C0D2A7 /* Build configuration list for PBXProject "Timer App" */;
			compatibilityVersion = "Xcode 9.3";
			developmentRegion = en;
			hasScannedForEncodings = 0;
			knownRegions = (
				en,
				Base,
			);
			mainGroup = 9855A6702891C9F900C0D2A7;
			productRefGroup = 9855A67A2891C9F900C0D2A7 /* Products */;
			projectDirPath = "";
			projectRoot = "";
			targets = (
				9855A6782891C9F900C0D2A7 /* Timer App */,
				9855A68E2891C9FA00C0D2A7 /* Timer AppTests */,
				9855A6992891C9FA00C0D2A7 /* Timer AppUITests */,
			);
		};
/* End PBXProject section */

/* Begin PBXResourcesBuildPhase section */
		9855A6772891C9F900C0D2A7 /* Resources */ = {
			isa = PBXResourcesBuildPhase;
			buildActionMask = 2147483647;
			files = (
				9855A6892891C9FA00C0D2A7 /* LaunchScreen.storyboard in Resources */,
				9855A6862891C9FA00C0D2A7 /* Assets.xcassets in Resources */,
				9855A6842891C9F900C0D2A7 /* Main.storyboard in Resources */,
			);
			runOnlyForDeploymentPostprocessing = 0;
		};
		9855A68D2891C9FA00C0D2A7 /* Resources */ = {
			isa = PBXResourcesBuildPhase;
			buildActionMask = 2147483647;
			files = (
			);
			runOnlyForDeploymentPostprocessing = 0;
		};
		9855A6982891C9FA00C0D2A7 /* Resources */ = {
			isa = PBXResourcesBuildPhase;
			buildActionMask = 2147483647;
			files = (
			);
			runOnlyForDeploymentPostprocessing = 0;
		};
/* End PBXResourcesBuildPhase section */

/* Begin PBXSourcesBuildPhase section */
		9855A6752891C9F900C0D2A7 /* Sources */ = {
			isa = PBXSourcesBuildPhase;
			buildActionMask = 2147483647;
			files = (
				9855A6812891C9F900C0D2A7 /* ViewController.swift in Sources */,
				9855A67D2891C9F900C0D2A7 /* AppDelegate.swift in Sources */,
				9855A67F2891C9F900C0D2A7 /* SceneDelegate.swift in Sources */,
			);
			runOnlyForDeploymentPostprocessing = 0;
		};
		9855A68B2891C9FA00C0D2A7 /* Sources */ = {
			isa = PBXSourcesBuildPhase;
			buildActionMask = 2147483647;
			files = (
				9855A6942891C9FA00C0D2A7 /* Timer_AppTests.swift in Sources */,
			);
			runOnlyForDeploymentPostprocessing = 0;
		};
		9855A6962891C9FA00C0D2A7 /* Sources */ = {
			isa = PBXSourcesBuildPhase;
			buildActionMask = 2147483647;
			files = (
				9855A69F2891C9FA00C0D2A7 /* Timer_AppUITests.swift in Sources */,
			);
			runOnlyForDeploymentPostprocessing = 0;
		};
/* End PBXSourcesBuildPhase section */

/* Begin PBXTargetDependency section */
		9855A6912891C9FA00C0D2A7 /* PBXTargetDependency */ = {
			isa = PBXTargetDependency;
			target = 9855A6782891C9F900C0D2A7 /* Timer App */;
			targetProxy = 9855A6902891C9FA00C0D2A7 /* PBXContainerItemProxy */;
		};
		9855A69C2891C9FA00C0D2A7 /* PBXTargetDependency */ = {
			isa = PBXTargetDependency;
			target = 9855A6782891C9F900C0D2A7 /* Timer App */;
			targetProxy = 9855A69B2891C9FA00C0D2A7 /* PBXContainerItemProxy */;
		};
/* End PBXTargetDependency section */

/* Begin PBXVariantGroup section */
		9855A6822891C9F900C0D2A7 /* Main.storyboard */ = {
			isa = PBXVariantGroup;
			children = (
				9855A6832891C9F900C0D2A7 /* Base */,
			);
			name = Main.storyboard;
			sourceTree = "<group>";
		};
		9855A6872891C9FA00C0D2A7 /* LaunchScreen.storyboard */ = {
			isa = PBXVariantGroup;
			children = (
				9855A6882891C9FA00C0D2A7 /* Base */,
			);
			name = LaunchScreen.storyboard;
			sourceTree = "<group>";
		};
/* End PBXVariantGroup section */

/* Begin XCBuildConfiguration section */
		9855A6A12891C9FA00C0D2A7 /* Debug */ = {
			isa = XCBuildConfiguration;
			buildSettings = {
				ALWAYS_SEARCH_USER_PATHS = NO;
				CLANG_ANALYZER_NONNULL = YES;
				CLANG_ANALYZER_NUMBER_OBJECT_CONVERSION = YES_AGGRESSIVE;
				CLANG_CXX_LANGUAGE_STANDARD = "gnu++14";
				CLANG_CXX_LIBRARY = "libc++";
				CLANG_ENABLE_MODULES = YES;
				CLANG_ENABLE_OBJC_ARC = YES;
				CLANG_ENABLE_OBJC_WEAK = YES;
				CLANG_WARN_BLOCK_CAPTURE_AUTORELEASING = YES;
				CLANG_WARN_BOOL_CONVERSION = YES;
				CLANG_WARN_COMMA = YES;
				CLANG_WARN_CONSTANT_CONVERSION = YES;
				CLANG_WARN_DEPRECATED_OBJC_IMPLEMENTATIONS = YES;
				CLANG_WARN_DIRECT_OBJC_ISA_USAGE = YES_ERROR;
				CLANG_WARN_DOCUMENTATION_COMMENTS = YES;
				CLANG_WARN_EMPTY_BODY = YES;
				CLANG_WARN_ENUM_CONVERSION = YES;
				CLANG_WARN_INFINITE_RECURSION = YES;
				CLANG_WARN_INT_CONVERSION = YES;
				CLANG_WARN_NON_LITERAL_NULL_CONVERSION = YES;
				CLANG_WARN_OBJC_IMPLICIT_RETAIN_SELF = YES;
				CLANG_WARN_OBJC_LITERAL_CONVERSION = YES;
				CLANG_WARN_OBJC_ROOT_CLASS = YES_ERROR;
				CLANG_WARN_QUOTED_INCLUDE_IN_FRAMEWORK_HEADER = YES;
				CLANG_WARN_RANGE_LOOP_ANALYSIS = YES;
				CLANG_WARN_STRICT_PROTOTYPES = YES;
				CLANG_WARN_SUSPICIOUS_MOVE = YES;
				CLANG_WARN_UNGUARDED_AVAILABILITY = YES_AGGRESSIVE;
				CLANG_WARN_UNREACHABLE_CODE = YES;
				CLANG_WARN__DUPLICATE_METHOD_MATCH = YES;
				COPY_PHASE_STRIP = NO;
				DEBUG_INFORMATION_FORMAT = dwarf;
				ENABLE_STRICT_OBJC_MSGSEND = YES;
				ENABLE_TESTABILITY = YES;
				GCC_C_LANGUAGE_STANDARD = gnu11;
				GCC_DYNAMIC_NO_PIC = NO;
				GCC_NO_COMMON_BLOCKS = YES;
				GCC_OPTIMIZATION_LEVEL = 0;
				GCC_PREPROCESSOR_DEFINITIONS = (
					"DEBUG=1",
					"$(inherited)",
				);
				GCC_WARN_64_TO_32_BIT_CONVERSION = YES;
				GCC_WARN_ABOUT_RETURN_TYPE = YES_ERROR;
				GCC_WARN_UNDECLARED_SELECTOR = YES;
				GCC_WARN_UNINITIALIZED_AUTOS = YES_AGGRESSIVE;
				GCC_WARN_UNUSED_FUNCTION = YES;
				GCC_WARN_UNUSED_VARIABLE = YES;
				IPHONEOS_DEPLOYMENT_TARGET = 14.1;
				MTL_ENABLE_DEBUG_INFO = INCLUDE_SOURCE;
				MTL_FAST_MATH = YES;
				ONLY_ACTIVE_ARCH = YES;
				SDKROOT = iphoneos;
				SWIFT_ACTIVE_COMPILATION_CONDITIONS = DEBUG;
				SWIFT_OPTIMIZATION_LEVEL = "-Onone";
			};
			name = Debug;
		};
		9855A6A22891C9FA00C0D2A7 /* Release */ = {
			isa = XCBuildConfiguration;
			buildSettings = {
				ALWAYS_SEARCH_USER_PATHS = NO;
				CLANG_ANALYZER_NONNULL = YES;
				CLANG_ANALYZER_NUMBER_OBJECT_CONVERSION = YES_AGGRESSIVE;
				CLANG_CXX_LANGUAGE_STANDARD = "gnu++14";
				CLANG_CXX_LIBRARY = "libc++";
				CLANG_ENABLE_MODULES = YES;
				CLANG_ENABLE_OBJC_ARC = YES;
				CLANG_ENABLE_OBJC_WEAK = YES;
				CLANG_WARN_BLOCK_CAPTURE_AUTORELEASING = YES;
				CLANG_WARN_BOOL_CONVERSION = YES;
				CLANG_WARN_COMMA = YES;
				CLANG_WARN_CONSTANT_CONVERSION = YES;
				CLANG_WARN_DEPRECATED_OBJC_IMPLEMENTATIONS = YES;
				CLANG_WARN_DIRECT_OBJC_ISA_USAGE = YES_ERROR;
				CLANG_WARN_DOCUMENTATION_COMMENTS = YES;
				CLANG_WARN_EMPTY_BODY = YES;
				CLANG_WARN_ENUM_CONVERSION = YES;
				CLANG_WARN_INFINITE_RECURSION = YES;
				CLANG_WARN_INT_CONVERSION = YES;
				CLANG_WARN_NON_LITERAL_NULL_CONVERSION = YES;
				CLANG_WARN_OBJC_IMPLICIT_RETAIN_SELF = YES;
				CLANG_WARN_OBJC_LITERAL_CONVERSION = YES;
				CLANG_WARN_OBJC_ROOT_CLASS = YES_ERROR;
				CLANG_WARN_QUOTED_INCLUDE_IN_FRAMEWORK_HEADER = YES;
				CLANG_WARN_RANGE_LOOP_ANALYSIS = YES;
				CLANG_WARN_STRICT_PROTOTYPES = YES;
				CLANG_WARN_SUSPICIOUS_MOVE = YES;
				CLANG_WARN_UNGUARDED_AVAILABILITY = YES_AGGRESSIVE;
				CLANG_WARN_UNREACHABLE_CODE = YES;
				CLANG_WARN__DUPLICATE_METHOD_MATCH = YES;
				COPY_PHASE_STRIP = NO;
				DEBUG_INFORMATION_FORMAT = "dwarf-with-dsym";
				ENABLE_NS_ASSERTIONS = NO;
				ENABLE_STRICT_OBJC_MSGSEND = YES;
				GCC_C_LANGUAGE_STANDARD = gnu11;
				GCC_NO_COMMON_BLOCKS = YES;
				GCC_WARN_64_TO_32_BIT_CONVERSION = YES;
				GCC_WARN_ABOUT_RETURN_TYPE = YES_ERROR;
				GCC_WARN_UNDECLARED_SELECTOR = YES;
				GCC_WARN_UNINITIALIZED_AUTOS = YES_AGGRESSIVE;
				GCC_WARN_UNUSED_FUNCTION = YES;
				GCC_WARN_UNUSED_VARIABLE = YES;
				IPHONEOS_DEPLOYMENT_TARGET = 14.1;
				MTL_ENABLE_DEBUG_INFO = NO;
				MTL_FAST_MATH = YES;
				SDKROOT = iphoneos;
				SWIFT_COMPILATION_MODE = wholemodule;
				SWIFT_OPTIMIZATION_LEVEL = "-O";
				VALIDATE_PRODUCT = YES;
			};
			name = Release;
		};
		9855A6A42891C9FA00C0D2A7 /* Debug */ = {
			isa = XCBuildConfiguration;
			buildSettings = {
				ASSETCATALOG_COMPILER_APPICON_NAME = AppIcon;
				ASSETCATALOG_COMPILER_GLOBAL_ACCENT_COLOR_NAME = AccentColor;
				CODE_SIGN_STYLE = Automatic;
				DEVELOPMENT_TEAM = RJXDHCP7Z6;
				INFOPLIST_FILE = "Timer App/Info.plist";
				LD_RUNPATH_SEARCH_PATHS = (
					"$(inherited)",
					"@executable_path/Frameworks",
				);
				PRODUCT_BUNDLE_IDENTIFIER = "personal.Timer-App";
				PRODUCT_NAME = "$(TARGET_NAME)";
				SWIFT_VERSION = 5.0;
				TARGETED_DEVICE_FAMILY = "1,2";
			};
			name = Debug;
		};
		9855A6A52891C9FA00C0D2A7 /* Release */ = {
			isa = XCBuildConfiguration;
			buildSettings = {
				ASSETCATALOG_COMPILER_APPICON_NAME = AppIcon;
				ASSETCATALOG_COMPILER_GLOBAL_ACCENT_COLOR_NAME = AccentColor;
				CODE_SIGN_STYLE = Automatic;
				DEVELOPMENT_TEAM = RJXDHCP7Z6;
				INFOPLIST_FILE = "Timer App/Info.plist";
				LD_RUNPATH_SEARCH_PATHS = (
					"$(inherited)",
					"@executable_path/Frameworks",
				);
				PRODUCT_BUNDLE_IDENTIFIER = "personal.Timer-App";
				PRODUCT_NAME = "$(TARGET_NAME)";
				SWIFT_VERSION = 5.0;
				TARGETED_DEVICE_FAMILY = "1,2";
			};
			name = Release;
		};
		9855A6A72891C9FA00C0D2A7 /* Debug */ = {
			isa = XCBuildConfiguration;
			buildSettings = {
				ALWAYS_EMBED_SWIFT_STANDARD_LIBRARIES = YES;
				BUNDLE_LOADER = "$(TEST_HOST)";
				CODE_SIGN_STYLE = Automatic;
				DEVELOPMENT_TEAM = RJXDHCP7Z6;
				INFOPLIST_FILE = "Timer AppTests/Info.plist";
				IPHONEOS_DEPLOYMENT_TARGET = 14.1;
				LD_RUNPATH_SEARCH_PATHS = (
					"$(inherited)",
					"@executable_path/Frameworks",
					"@loader_path/Frameworks",
				);
				PRODUCT_BUNDLE_IDENTIFIER = "personal.Timer-AppTests";
				PRODUCT_NAME = "$(TARGET_NAME)";
				SWIFT_VERSION = 5.0;
				TARGETED_DEVICE_FAMILY = "1,2";
				TEST_HOST = "$(BUILT_PRODUCTS_DIR)/Timer App.app/Timer App";
			};
			name = Debug;
		};
		9855A6A82891C9FA00C0D2A7 /* Release */ = {
			isa = XCBuildConfiguration;
			buildSettings = {
				ALWAYS_EMBED_SWIFT_STANDARD_LIBRARIES = YES;
				BUNDLE_LOADER = "$(TEST_HOST)";
				CODE_SIGN_STYLE = Automatic;
				DEVELOPMENT_TEAM = RJXDHCP7Z6;
				INFOPLIST_FILE = "Timer AppTests/Info.plist";
				IPHONEOS_DEPLOYMENT_TARGET = 14.1;
				LD_RUNPATH_SEARCH_PATHS = (
					"$(inherited)",
					"@executable_path/Frameworks",
					"@loader_path/Frameworks",
				);
				PRODUCT_BUNDLE_IDENTIFIER = "personal.Timer-AppTests";
				PRODUCT_NAME = "$(TARGET_NAME)";
				SWIFT_VERSION = 5.0;
				TARGETED_DEVICE_FAMILY = "1,2";
				TEST_HOST = "$(BUILT_PRODUCTS_DIR)/Timer App.app/Timer App";
			};
			name = Release;
		};
		9855A6AA2891C9FA00C0D2A7 /* Debug */ = {
			isa = XCBuildConfiguration;
			buildSettings = {
				ALWAYS_EMBED_SWIFT_STANDARD_LIBRARIES = YES;
				CODE_SIGN_STYLE = Automatic;
				DEVELOPMENT_TEAM = RJXDHCP7Z6;
				INFOPLIST_FILE = "Timer AppUITests/Info.plist";
				LD_RUNPATH_SEARCH_PATHS = (
					"$(inherited)",
					"@executable_path/Frameworks",
					"@loader_path/Frameworks",
				);
				PRODUCT_BUNDLE_IDENTIFIER = "personal.Timer-AppUITests";
				PRODUCT_NAME = "$(TARGET_NAME)";
				SWIFT_VERSION = 5.0;
				TARGETED_DEVICE_FAMILY = "1,2";
				TEST_TARGET_NAME = "Timer App";
			};
			name = Debug;
		};
		9855A6AB2891C9FA00C0D2A7 /* Release */ = {
			isa = XCBuildConfiguration;
			buildSettings = {
				ALWAYS_EMBED_SWIFT_STANDARD_LIBRARIES = YES;
				CODE_SIGN_STYLE = Automatic;
				DEVELOPMENT_TEAM = RJXDHCP7Z6;
				INFOPLIST_FILE = "Timer AppUITests/Info.plist";
				LD_RUNPATH_SEARCH_PATHS = (
					"$(inherited)",
					"@executable_path/Frameworks",
					"@loader_path/Frameworks",
				);
				PRODUCT_BUNDLE_IDENTIFIER = "personal.Timer-AppUITests";
				PRODUCT_NAME = "$(TARGET_NAME)";
				SWIFT_VERSION = 5.0;
				TARGETED_DEVICE_FAMILY = "1,2";
				TEST_TARGET_NAME = "Timer App";
			};
			name = Release;
		};
/* End XCBuildConfiguration section */

/* Begin XCConfigurationList section */
		9855A6742891C9F900C0D2A7 /* Build configuration list for PBXProject "Timer App" */ = {
			isa = XCConfigurationList;
			buildConfigurations = (
				9855A6A12891C9FA00C0D2A7 /* Debug */,
				9855A6A22891C9FA00C0D2A7 /* Release */,
			);
			defaultConfigurationIsVisible = 0;
			defaultConfigurationName = Release;
		};
		9855A6A32891C9FA00C0D2A7 /* Build configuration list for PBXNativeTarget "Timer App" */ = {
			isa = XCConfigurationList;
			buildConfigurations = (
				9855A6A42891C9FA00C0D2A7 /* Debug */,
				9855A6A52891C9FA00C0D2A7 /* Release */,
			);
			defaultConfigurationIsVisible = 0;
			defaultConfigurationName = Release;
		};
		9855A6A62891C9FA00C0D2A7 /* Build configuration list for PBXNativeTarget "Timer AppTests" */ = {
			isa = XCConfigurationList;
			buildConfigurations = (
				9855A6A72891C9FA00C0D2A7 /* Debug */,
				9855A6A82891C9FA00C0D2A7 /* Release */,
			);
			defaultConfigurationIsVisible = 0;
			defaultConfigurationName = Release;
		};
		9855A6A92891C9FA00C0D2A7 /* Build configuration list for PBXNativeTarget "Timer AppUITests" */ = {
			isa = XCConfigurationList;
			buildConfigurations = (
				9855A6AA2891C9FA00C0D2A7 /* Debug */,
				9855A6AB2891C9FA00C0D2A7 /* Release */,
			);
			defaultConfigurationIsVisible = 0;
			defaultConfigurationName = Release;
		};
/* End XCConfigurationList section */
	};
	rootObject = 9855A6712891C9F900C0D2A7 /* Project object */;
}
