// !$*UTF8*$!
{
	archiveVersion = 1;
	classes = {
	};
	objectVersion = 50;
	objects = {

/* Begin PBXBuildFile section */
		98FD6BB228E05A2C00FAFEF1 /* AppDelegate.swift in Sources */ = {isa = PBXBuildFile; fileRef = 98FD6BB128E05A2C00FAFEF1 /* AppDelegate.swift */; };
		98FD6BB428E05A2C00FAFEF1 /* SceneDelegate.swift in Sources */ = {isa = PBXBuildFile; fileRef = 98FD6BB328E05A2C00FAFEF1 /* SceneDelegate.swift */; };
		98FD6BB628E05A2C00FAFEF1 /* ViewController.swift in Sources */ = {isa = PBXBuildFile; fileRef = 98FD6BB528E05A2C00FAFEF1 /* ViewController.swift */; };
		98FD6BB928E05A2C00FAFEF1 /* Main.storyboard in Resources */ = {isa = PBXBuildFile; fileRef = 98FD6BB728E05A2C00FAFEF1 /* Main.storyboard */; };
		98FD6BBC28E05A2C00FAFEF1 /* DarkMode.xcdatamodeld in Sources */ = {isa = PBXBuildFile; fileRef = 98FD6BBA28E05A2C00FAFEF1 /* DarkMode.xcdatamodeld */; };
		98FD6BBE28E05A2E00FAFEF1 /* Assets.xcassets in Resources */ = {isa = PBXBuildFile; fileRef = 98FD6BBD28E05A2E00FAFEF1 /* Assets.xcassets */; };
		98FD6BC128E05A2E00FAFEF1 /* LaunchScreen.storyboard in Resources */ = {isa = PBXBuildFile; fileRef = 98FD6BBF28E05A2E00FAFEF1 /* LaunchScreen.storyboard */; };
/* End PBXBuildFile section */

/* Begin PBXFileReference section */
		98FD6BAE28E05A2C00FAFEF1 /* DarkMode.app */ = {isa = PBXFileReference; explicitFileType = wrapper.application; includeInIndex = 0; path = DarkMode.app; sourceTree = BUILT_PRODUCTS_DIR; };
		98FD6BB128E05A2C00FAFEF1 /* AppDelegate.swift */ = {isa = PBXFileReference; lastKnownFileType = sourcecode.swift; path = AppDelegate.swift; sourceTree = "<group>"; };
		98FD6BB328E05A2C00FAFEF1 /* SceneDelegate.swift */ = {isa = PBXFileReference; lastKnownFileType = sourcecode.swift; path = SceneDelegate.swift; sourceTree = "<group>"; };
		98FD6BB528E05A2C00FAFEF1 /* ViewController.swift */ = {isa = PBXFileReference; lastKnownFileType = sourcecode.swift; path = ViewController.swift; sourceTree = "<group>"; };
		98FD6BB828E05A2C00FAFEF1 /* Base */ = {isa = PBXFileReference; lastKnownFileType = file.storyboard; name = Base; path = Base.lproj/Main.storyboard; sourceTree = "<group>"; };
		98FD6BBB28E05A2C00FAFEF1 /* DarkMode.xcdatamodel */ = {isa = PBXFileReference; lastKnownFileType = wrapper.xcdatamodel; path = DarkMode.xcdatamodel; sourceTree = "<group>"; };
		98FD6BBD28E05A2E00FAFEF1 /* Assets.xcassets */ = {isa = PBXFileReference; lastKnownFileType = folder.assetcatalog; path = Assets.xcassets; sourceTree = "<group>"; };
		98FD6BC028E05A2E00FAFEF1 /* Base */ = {isa = PBXFileReference; lastKnownFileType = file.storyboard; name = Base; path = Base.lproj/LaunchScreen.storyboard; sourceTree = "<group>"; };
		98FD6BC228E05A2E00FAFEF1 /* Info.plist */ = {isa = PBXFileReference; lastKnownFileType = text.plist.xml; path = Info.plist; sourceTree = "<group>"; };
/* End PBXFileReference section */

/* Begin PBXFrameworksBuildPhase section */
		98FD6BAB28E05A2C00FAFEF1 /* Frameworks */ = {
			isa = PBXFrameworksBuildPhase;
			buildActionMask = 2147483647;
			files = (
			);
			runOnlyForDeploymentPostprocessing = 0;
		};
/* End PBXFrameworksBuildPhase section */

/* Begin PBXGroup section */
		98FD6BA528E05A2C00FAFEF1 = {
			isa = PBXGroup;
			children = (
				98FD6BB028E05A2C00FAFEF1 /* DarkMode */,
				98FD6BAF28E05A2C00FAFEF1 /* Products */,
			);
			sourceTree = "<group>";
		};
		98FD6BAF28E05A2C00FAFEF1 /* Products */ = {
			isa = PBXGroup;
			children = (
				98FD6BAE28E05A2C00FAFEF1 /* DarkMode.app */,
			);
			name = Products;
			sourceTree = "<group>";
		};
		98FD6BB028E05A2C00FAFEF1 /* DarkMode */ = {
			isa = PBXGroup;
			children = (
				98FD6BB128E05A2C00FAFEF1 /* AppDelegate.swift */,
				98FD6BB328E05A2C00FAFEF1 /* SceneDelegate.swift */,
				98FD6BB528E05A2C00FAFEF1 /* ViewController.swift */,
				98FD6BB728E05A2C00FAFEF1 /* Main.storyboard */,
				98FD6BBD28E05A2E00FAFEF1 /* Assets.xcassets */,
				98FD6BBF28E05A2E00FAFEF1 /* LaunchScreen.storyboard */,
				98FD6BC228E05A2E00FAFEF1 /* Info.plist */,
				98FD6BBA28E05A2C00FAFEF1 /* DarkMode.xcdatamodeld */,
			);
			path = DarkMode;
			sourceTree = "<group>";
		};
/* End PBXGroup section */

/* Begin PBXNativeTarget section */
		98FD6BAD28E05A2C00FAFEF1 /* DarkMode */ = {
			isa = PBXNativeTarget;
			buildConfigurationList = 98FD6BC528E05A2E00FAFEF1 /* Build configuration list for PBXNativeTarget "DarkMode" */;
			buildPhases = (
				98FD6BAA28E05A2C00FAFEF1 /* Sources */,
				98FD6BAB28E05A2C00FAFEF1 /* Frameworks */,
				98FD6BAC28E05A2C00FAFEF1 /* Resources */,
			);
			buildRules = (
			);
			dependencies = (
			);
			name = DarkMode;
			productName = DarkMode;
			productReference = 98FD6BAE28E05A2C00FAFEF1 /* DarkMode.app */;
			productType = "com.apple.product-type.application";
		};
/* End PBXNativeTarget section */

/* Begin PBXProject section */
		98FD6BA628E05A2C00FAFEF1 /* Project object */ = {
			isa = PBXProject;
			attributes = {
				LastSwiftUpdateCheck = 1210;
				LastUpgradeCheck = 1210;
				TargetAttributes = {
					98FD6BAD28E05A2C00FAFEF1 = {
						CreatedOnToolsVersion = 12.1;
					};
				};
			};
			buildConfigurationList = 98FD6BA928E05A2C00FAFEF1 /* Build configuration list for PBXProject "DarkMode" */;
			compatibilityVersion = "Xcode 9.3";
			developmentRegion = en;
			hasScannedForEncodings = 0;
			knownRegions = (
				en,
				Base,
			);
			mainGroup = 98FD6BA528E05A2C00FAFEF1;
			productRefGroup = 98FD6BAF28E05A2C00FAFEF1 /* Products */;
			projectDirPath = "";
			projectRoot = "";
			targets = (
				98FD6BAD28E05A2C00FAFEF1 /* DarkMode */,
			);
		};
/* End PBXProject section */

/* Begin PBXResourcesBuildPhase section */
		98FD6BAC28E05A2C00FAFEF1 /* Resources */ = {
			isa = PBXResourcesBuildPhase;
			buildActionMask = 2147483647;
			files = (
				98FD6BC128E05A2E00FAFEF1 /* LaunchScreen.storyboard in Resources */,
				98FD6BBE28E05A2E00FAFEF1 /* Assets.xcassets in Resources */,
				98FD6BB928E05A2C00FAFEF1 /* Main.storyboard in Resources */,
			);
			runOnlyForDeploymentPostprocessing = 0;
		};
/* End PBXResourcesBuildPhase section */

/* Begin PBXSourcesBuildPhase section */
		98FD6BAA28E05A2C00FAFEF1 /* Sources */ = {
			isa = PBXSourcesBuildPhase;
			buildActionMask = 2147483647;
			files = (
				98FD6BBC28E05A2C00FAFEF1 /* DarkMode.xcdatamodeld in Sources */,
				98FD6BB628E05A2C00FAFEF1 /* ViewController.swift in Sources */,
				98FD6BB228E05A2C00FAFEF1 /* AppDelegate.swift in Sources */,
				98FD6BB428E05A2C00FAFEF1 /* SceneDelegate.swift in Sources */,
			);
			runOnlyForDeploymentPostprocessing = 0;
		};
/* End PBXSourcesBuildPhase section */

/* Begin PBXVariantGroup section */
		98FD6BB728E05A2C00FAFEF1 /* Main.storyboard */ = {
			isa = PBXVariantGroup;
			children = (
				98FD6BB828E05A2C00FAFEF1 /* Base */,
			);
			name = Main.storyboard;
			sourceTree = "<group>";
		};
		98FD6BBF28E05A2E00FAFEF1 /* LaunchScreen.storyboard */ = {
			isa = PBXVariantGroup;
			children = (
				98FD6BC028E05A2E00FAFEF1 /* Base */,
			);
			name = LaunchScreen.storyboard;
			sourceTree = "<group>";
		};
/* End PBXVariantGroup section */

/* Begin XCBuildConfiguration section */
		98FD6BC328E05A2E00FAFEF1 /* Debug */ = {
			isa = XCBuildConfiguration;
			buildSettings = {
				ALWAYS_SEARCH_USER_PATHS = NO;
				CLANG_ANALYZER_NONNULL = YES;
				CLANG_ANALYZER_NUMBER_OBJECT_CONVERSION = YES_AGGRESSIVE;
				CLANG_CXX_LANGUAGE_STANDARD = "gnu++14";
				CLANG_CXX_LIBRARY = "libc++";
				CLANG_ENABLE_MODULES = YES;
				CLANG_ENABLE_OBJC_ARC = YES;
				CLANG_ENABLE_OBJC_WEAK = YES;
				CLANG_WARN_BLOCK_CAPTURE_AUTORELEASING = YES;
				CLANG_WARN_BOOL_CONVERSION = YES;
				CLANG_WARN_COMMA = YES;
				CLANG_WARN_CONSTANT_CONVERSION = YES;
				CLANG_WARN_DEPRECATED_OBJC_IMPLEMENTATIONS = YES;
				CLANG_WARN_DIRECT_OBJC_ISA_USAGE = YES_ERROR;
				CLANG_WARN_DOCUMENTATION_COMMENTS = YES;
				CLANG_WARN_EMPTY_BODY = YES;
				CLANG_WARN_ENUM_CONVERSION = YES;
				CLANG_WARN_INFINITE_RECURSION = YES;
				CLANG_WARN_INT_CONVERSION = YES;
				CLANG_WARN_NON_LITERAL_NULL_CONVERSION = YES;
				CLANG_WARN_OBJC_IMPLICIT_RETAIN_SELF = YES;
				CLANG_WARN_OBJC_LITERAL_CONVERSION = YES;
				CLANG_WARN_OBJC_ROOT_CLASS = YES_ERROR;
				CLANG_WARN_QUOTED_INCLUDE_IN_FRAMEWORK_HEADER = YES;
				CLANG_WARN_RANGE_LOOP_ANALYSIS = YES;
				CLANG_WARN_STRICT_PROTOTYPES = YES;
				CLANG_WARN_SUSPICIOUS_MOVE = YES;
				CLANG_WARN_UNGUARDED_AVAILABILITY = YES_AGGRESSIVE;
				CLANG_WARN_UNREACHABLE_CODE = YES;
				CLANG_WARN__DUPLICATE_METHOD_MATCH = YES;
				COPY_PHASE_STRIP = NO;
				DEBUG_INFORMATION_FORMAT = dwarf;
				ENABLE_STRICT_OBJC_MSGSEND = YES;
				ENABLE_TESTABILITY = YES;
				GCC_C_LANGUAGE_STANDARD = gnu11;
				GCC_DYNAMIC_NO_PIC = NO;
				GCC_NO_COMMON_BLOCKS = YES;
				GCC_OPTIMIZATION_LEVEL = 0;
				GCC_PREPROCESSOR_DEFINITIONS = (
					"DEBUG=1",
					"$(inherited)",
				);
				GCC_WARN_64_TO_32_BIT_CONVERSION = YES;
				GCC_WARN_ABOUT_RETURN_TYPE = YES_ERROR;
				GCC_WARN_UNDECLARED_SELECTOR = YES;
				GCC_WARN_UNINITIALIZED_AUTOS = YES_AGGRESSIVE;
				GCC_WARN_UNUSED_FUNCTION = YES;
				GCC_WARN_UNUSED_VARIABLE = YES;
				IPHONEOS_DEPLOYMENT_TARGET = 14.1;
				MTL_ENABLE_DEBUG_INFO = INCLUDE_SOURCE;
				MTL_FAST_MATH = YES;
				ONLY_ACTIVE_ARCH = YES;
				SDKROOT = iphoneos;
				SWIFT_ACTIVE_COMPILATION_CONDITIONS = DEBUG;
				SWIFT_OPTIMIZATION_LEVEL = "-Onone";
			};
			name = Debug;
		};
		98FD6BC428E05A2E00FAFEF1 /* Release */ = {
			isa = XCBuildConfiguration;
			buildSettings = {
				ALWAYS_SEARCH_USER_PATHS = NO;
				CLANG_ANALYZER_NONNULL = YES;
				CLANG_ANALYZER_NUMBER_OBJECT_CONVERSION = YES_AGGRESSIVE;
				CLANG_CXX_LANGUAGE_STANDARD = "gnu++14";
				CLANG_CXX_LIBRARY = "libc++";
				CLANG_ENABLE_MODULES = YES;
				CLANG_ENABLE_OBJC_ARC = YES;
				CLANG_ENABLE_OBJC_WEAK = YES;
				CLANG_WARN_BLOCK_CAPTURE_AUTORELEASING = YES;
				CLANG_WARN_BOOL_CONVERSION = YES;
				CLANG_WARN_COMMA = YES;
				CLANG_WARN_CONSTANT_CONVERSION = YES;
				CLANG_WARN_DEPRECATED_OBJC_IMPLEMENTATIONS = YES;
				CLANG_WARN_DIRECT_OBJC_ISA_USAGE = YES_ERROR;
				CLANG_WARN_DOCUMENTATION_COMMENTS = YES;
				CLANG_WARN_EMPTY_BODY = YES;
				CLANG_WARN_ENUM_CONVERSION = YES;
				CLANG_WARN_INFINITE_RECURSION = YES;
				CLANG_WARN_INT_CONVERSION = YES;
				CLANG_WARN_NON_LITERAL_NULL_CONVERSION = YES;
				CLANG_WARN_OBJC_IMPLICIT_RETAIN_SELF = YES;
				CLANG_WARN_OBJC_LITERAL_CONVERSION = YES;
				CLANG_WARN_OBJC_ROOT_CLASS = YES_ERROR;
				CLANG_WARN_QUOTED_INCLUDE_IN_FRAMEWORK_HEADER = YES;
				CLANG_WARN_RANGE_LOOP_ANALYSIS = YES;
				CLANG_WARN_STRICT_PROTOTYPES = YES;
				CLANG_WARN_SUSPICIOUS_MOVE = YES;
				CLANG_WARN_UNGUARDED_AVAILABILITY = YES_AGGRESSIVE;
				CLANG_WARN_UNREACHABLE_CODE = YES;
				CLANG_WARN__DUPLICATE_METHOD_MATCH = YES;
				COPY_PHASE_STRIP = NO;
				DEBUG_INFORMATION_FORMAT = "dwarf-with-dsym";
				ENABLE_NS_ASSERTIONS = NO;
				ENABLE_STRICT_OBJC_MSGSEND = YES;
				GCC_C_LANGUAGE_STANDARD = gnu11;
				GCC_NO_COMMON_BLOCKS = YES;
				GCC_WARN_64_TO_32_BIT_CONVERSION = YES;
				GCC_WARN_ABOUT_RETURN_TYPE = YES_ERROR;
				GCC_WARN_UNDECLARED_SELECTOR = YES;
				GCC_WARN_UNINITIALIZED_AUTOS = YES_AGGRESSIVE;
				GCC_WARN_UNUSED_FUNCTION = YES;
				GCC_WARN_UNUSED_VARIABLE = YES;
				IPHONEOS_DEPLOYMENT_TARGET = 14.1;
				MTL_ENABLE_DEBUG_INFO = NO;
				MTL_FAST_MATH = YES;
				SDKROOT = iphoneos;
				SWIFT_COMPILATION_MODE = wholemodule;
				SWIFT_OPTIMIZATION_LEVEL = "-O";
				VALIDATE_PRODUCT = YES;
			};
			name = Release;
		};
		98FD6BC628E05A2E00FAFEF1 /* Debug */ = {
			isa = XCBuildConfiguration;
			buildSettings = {
				ASSETCATALOG_COMPILER_APPICON_NAME = AppIcon;
				ASSETCATALOG_COMPILER_GLOBAL_ACCENT_COLOR_NAME = AccentColor;
				CODE_SIGN_STYLE = Automatic;
				DEVELOPMENT_TEAM = RJXDHCP7Z6;
				INFOPLIST_FILE = DarkMode/Info.plist;
				LD_RUNPATH_SEARCH_PATHS = (
					"$(inherited)",
					"@executable_path/Frameworks",
				);
				PRODUCT_BUNDLE_IDENTIFIER = personal.DarkMode;
				PRODUCT_NAME = "$(TARGET_NAME)";
				SWIFT_VERSION = 5.0;
				TARGETED_DEVICE_FAMILY = "1,2";
			};
			name = Debug;
		};
		98FD6BC728E05A2E00FAFEF1 /* Release */ = {
			isa = XCBuildConfiguration;
			buildSettings = {
				ASSETCATALOG_COMPILER_APPICON_NAME = AppIcon;
				ASSETCATALOG_COMPILER_GLOBAL_ACCENT_COLOR_NAME = AccentColor;
				CODE_SIGN_STYLE = Automatic;
				DEVELOPMENT_TEAM = RJXDHCP7Z6;
				INFOPLIST_FILE = DarkMode/Info.plist;
				LD_RUNPATH_SEARCH_PATHS = (
					"$(inherited)",
					"@executable_path/Frameworks",
				);
				PRODUCT_BUNDLE_IDENTIFIER = personal.DarkMode;
				PRODUCT_NAME = "$(TARGET_NAME)";
				SWIFT_VERSION = 5.0;
				TARGETED_DEVICE_FAMILY = "1,2";
			};
			name = Release;
		};
/* End XCBuildConfiguration section */

/* Begin XCConfigurationList section */
		98FD6BA928E05A2C00FAFEF1 /* Build configuration list for PBXProject "DarkMode" */ = {
			isa = XCConfigurationList;
			buildConfigurations = (
				98FD6BC328E05A2E00FAFEF1 /* Debug */,
				98FD6BC428E05A2E00FAFEF1 /* Release */,
			);
			defaultConfigurationIsVisible = 0;
			defaultConfigurationName = Release;
		};
		98FD6BC528E05A2E00FAFEF1 /* Build configuration list for PBXNativeTarget "DarkMode" */ = {
			isa = XCConfigurationList;
			buildConfigurations = (
				98FD6BC628E05A2E00FAFEF1 /* Debug */,
				98FD6BC728E05A2E00FAFEF1 /* Release */,
			);
			defaultConfigurationIsVisible = 0;
			defaultConfigurationName = Release;
		};
/* End XCConfigurationList section */

/* Begin XCVersionGroup section */
		98FD6BBA28E05A2C00FAFEF1 /* DarkMode.xcdatamodeld */ = {
			isa = XCVersionGroup;
			children = (
				98FD6BBB28E05A2C00FAFEF1 /* DarkMode.xcdatamodel */,
			);
			currentVersion = 98FD6BBB28E05A2C00FAFEF1 /* DarkMode.xcdatamodel */;
			path = DarkMode.xcdatamodeld;
			sourceTree = "<group>";
			versionGroupType = wrapper.xcdatamodel;
		};
/* End XCVersionGroup section */
	};
	rootObject = 98FD6BA628E05A2C00FAFEF1 /* Project object */;
}
